// !$*UTF8*$!
{
	archiveVersion = 1;
	classes = {
	};
	objectVersion = 48;
	objects = {

/* Begin PBXBuildFile section */
		2E63E74A1FA306FD00C37FDE /* AppDelegate.m in Sources */ = {isa = PBXBuildFile; fileRef = 2E63E7491FA306FD00C37FDE /* AppDelegate.m */; };
		2E63E7761FA3186000C37FDE /* SVIndefiniteAnimatedView.m in Sources */ = {isa = PBXBuildFile; fileRef = 2E63E76D1FA3186000C37FDE /* SVIndefiniteAnimatedView.m */; };
		2E63E7771FA3186000C37FDE /* SVProgressAnimatedView.m in Sources */ = {isa = PBXBuildFile; fileRef = 2E63E76F1FA3186000C37FDE /* SVProgressAnimatedView.m */; };
		2E63E7781FA3186000C37FDE /* SVProgressHUD.bundle in Resources */ = {isa = PBXBuildFile; fileRef = 2E63E7711FA3186000C37FDE /* SVProgressHUD.bundle */; };
		2E63E7791FA3186000C37FDE /* SVProgressHUD.m in Sources */ = {isa = PBXBuildFile; fileRef = 2E63E7731FA3186000C37FDE /* SVProgressHUD.m */; };
		2E63E77A1FA3186000C37FDE /* SVRadialGradientLayer.m in Sources */ = {isa = PBXBuildFile; fileRef = 2E63E7751FA3186000C37FDE /* SVRadialGradientLayer.m */; };
		2E63E7AE1FA31FDD00C37FDE /* Alan Walker-Spectre.mp3 in Resources */ = {isa = PBXBuildFile; fileRef = 2E63E7AB1FA31FDD00C37FDE /* Alan Walker-Spectre.mp3 */; };
		2E63E7AF1FA31FDD00C37FDE /* Rihanna-Diamonds.mp3 in Resources */ = {isa = PBXBuildFile; fileRef = 2E63E7AC1FA31FDD00C37FDE /* Rihanna-Diamonds.mp3 */; };
		2E63E7B01FA31FDD00C37FDE /* 江语晨 - 最后一页.mp3 in Resources */ = {isa = PBXBuildFile; fileRef = 2E63E7AD1FA31FDD00C37FDE /* 江语晨 - 最后一页.mp3 */; };
		2E6450FB1FA9CA9800FCCF70 /* Launch Screen.storyboard in Resources */ = {isa = PBXBuildFile; fileRef = 2E6450FA1FA9CA9800FCCF70 /* Launch Screen.storyboard */; };
		2E64514D1FAAB4B100FCCF70 /* NSData+ImageContentType.m in Sources */ = {isa = PBXBuildFile; fileRef = 2E6451311FAAB4B100FCCF70 /* NSData+ImageContentType.m */; };
		2E64514E1FAAB4B100FCCF70 /* SDImageCache.m in Sources */ = {isa = PBXBuildFile; fileRef = 2E6451331FAAB4B100FCCF70 /* SDImageCache.m */; };
		2E64514F1FAAB4B100FCCF70 /* SDWebImageCompat.m in Sources */ = {isa = PBXBuildFile; fileRef = 2E6451351FAAB4B100FCCF70 /* SDWebImageCompat.m */; };
		2E6451501FAAB4B100FCCF70 /* SDWebImageDecoder.m in Sources */ = {isa = PBXBuildFile; fileRef = 2E6451371FAAB4B100FCCF70 /* SDWebImageDecoder.m */; };
		2E6451511FAAB4B100FCCF70 /* SDWebImageDownloader.m in Sources */ = {isa = PBXBuildFile; fileRef = 2E6451391FAAB4B100FCCF70 /* SDWebImageDownloader.m */; };
		2E6451521FAAB4B100FCCF70 /* SDWebImageDownloaderOperation.m in Sources */ = {isa = PBXBuildFile; fileRef = 2E64513B1FAAB4B100FCCF70 /* SDWebImageDownloaderOperation.m */; };
		2E6451531FAAB4B100FCCF70 /* SDWebImageManager.m in Sources */ = {isa = PBXBuildFile; fileRef = 2E64513D1FAAB4B100FCCF70 /* SDWebImageManager.m */; };
		2E6451541FAAB4B100FCCF70 /* SDWebImagePrefetcher.m in Sources */ = {isa = PBXBuildFile; fileRef = 2E6451401FAAB4B100FCCF70 /* SDWebImagePrefetcher.m */; };
		2E6451551FAAB4B100FCCF70 /* UIButton+WebCache.m in Sources */ = {isa = PBXBuildFile; fileRef = 2E6451421FAAB4B100FCCF70 /* UIButton+WebCache.m */; };
		2E6451561FAAB4B100FCCF70 /* UIImage+GIF.m in Sources */ = {isa = PBXBuildFile; fileRef = 2E6451441FAAB4B100FCCF70 /* UIImage+GIF.m */; };
		2E6451571FAAB4B100FCCF70 /* UIImage+MultiFormat.m in Sources */ = {isa = PBXBuildFile; fileRef = 2E6451461FAAB4B100FCCF70 /* UIImage+MultiFormat.m */; };
		2E6451581FAAB4B100FCCF70 /* UIImageView+HighlightedWebCache.m in Sources */ = {isa = PBXBuildFile; fileRef = 2E6451481FAAB4B100FCCF70 /* UIImageView+HighlightedWebCache.m */; };
		2E6451591FAAB4B100FCCF70 /* UIImageView+WebCache.m in Sources */ = {isa = PBXBuildFile; fileRef = 2E64514A1FAAB4B100FCCF70 /* UIImageView+WebCache.m */; };
		2E64515A1FAAB4B100FCCF70 /* UIView+WebCacheOperation.m in Sources */ = {isa = PBXBuildFile; fileRef = 2E64514C1FAAB4B100FCCF70 /* UIView+WebCacheOperation.m */; };
		2E667CB11FA7811D00892AF0 /* libTalkingData.a in Frameworks */ = {isa = PBXBuildFile; fileRef = 2E667CAF1FA7811D00892AF0 /* libTalkingData.a */; };
		2EBA62831FA84D3D00B82A23 /* Assets.xcassets in Resources */ = {isa = PBXBuildFile; fileRef = 2EBA627E1FA84D3C00B82A23 /* Assets.xcassets */; };
		2EBA62841FA84D3D00B82A23 /* main.m in Sources */ = {isa = PBXBuildFile; fileRef = 2EBA627F1FA84D3D00B82A23 /* main.m */; };
		2EBA63081FA8840600B82A23 /* Tupac - Ambitionz Az a Ridah.mp3 in Resources */ = {isa = PBXBuildFile; fileRef = 2EBA62FC1FA8840500B82A23 /* Tupac - Ambitionz Az a Ridah.mp3 */; };
		2EBA63091FA8840600B82A23 /* Cammay Ng - Cry Away.mp3 in Resources */ = {isa = PBXBuildFile; fileRef = 2EBA62FD1FA8840500B82A23 /* Cammay Ng - Cry Away.mp3 */; };
		2EBA630A1FA8840600B82A23 /* 陈冠希,MC Hotdog - King Boomba's Crew.mp3 in Resources */ = {isa = PBXBuildFile; fileRef = 2EBA62FE1FA8840500B82A23 /* 陈冠希,MC Hotdog - King Boomba's Crew.mp3 */; };
		2EBA630B1FA8840600B82A23 /* 大鹏-塑料袋.mp3 in Resources */ = {isa = PBXBuildFile; fileRef = 2EBA62FF1FA8840500B82A23 /* 大鹏-塑料袋.mp3 */; };
		2EBA630C1FA8840600B82A23 /* Ryan.B,AY楊佬叁 - 再也没有.mp3 in Resources */ = {isa = PBXBuildFile; fileRef = 2EBA63001FA8840500B82A23 /* Ryan.B,AY楊佬叁 - 再也没有.mp3 */; };
		2EBA630D1FA8840600B82A23 /* 陈鸿宇 - 理想三旬.mp3 in Resources */ = {isa = PBXBuildFile; fileRef = 2EBA63011FA8840500B82A23 /* 陈鸿宇 - 理想三旬.mp3 */; };
		2EBA630E1FA8840600B82A23 /* Oh Susanna - Sleepy Little Sailor.mp3 in Resources */ = {isa = PBXBuildFile; fileRef = 2EBA63021FA8840500B82A23 /* Oh Susanna - Sleepy Little Sailor.mp3 */; };
		2EBA630F1FA8840600B82A23 /* 陈梓童-控制.mp3 in Resources */ = {isa = PBXBuildFile; fileRef = 2EBA63031FA8840600B82A23 /* 陈梓童-控制.mp3 */; };
		2EBA63101FA8840600B82A23 /* Bruno Mars,Royce Da,Eminem - Lighters.mp3 in Resources */ = {isa = PBXBuildFile; fileRef = 2EBA63041FA8840600B82A23 /* Bruno Mars,Royce Da,Eminem - Lighters.mp3 */; };
		2EBA63111FA8840600B82A23 /* 陈冠希-Salute.mp3 in Resources */ = {isa = PBXBuildFile; fileRef = 2EBA63051FA8840600B82A23 /* 陈冠希-Salute.mp3 */; };
		2EBA63121FA8840600B82A23 /* 低调组合 - 终点起点.mp3 in Resources */ = {isa = PBXBuildFile; fileRef = 2EBA63061FA8840600B82A23 /* 低调组合 - 终点起点.mp3 */; };
		2EBA63241FA99E2800B82A23 /* DeviceRelevant.m in Sources */ = {isa = PBXBuildFile; fileRef = 2EBA63231FA99E2800B82A23 /* DeviceRelevant.m */; };
		2EBA63271FA9A20600B82A23 /* AdSupport.framework in Frameworks */ = {isa = PBXBuildFile; fileRef = 2EBA63261FA9A20600B82A23 /* AdSupport.framework */; };
		2EBA63291FA9A20E00B82A23 /* CoreTelephony.framework in Frameworks */ = {isa = PBXBuildFile; fileRef = 2EBA63281FA9A20E00B82A23 /* CoreTelephony.framework */; };
		2EBA632B1FA9A21A00B82A23 /* CoreMotion.framework in Frameworks */ = {isa = PBXBuildFile; fileRef = 2EBA632A1FA9A21900B82A23 /* CoreMotion.framework */; };
		2EBA632D1FA9A24100B82A23 /* SystemConfiguration.framework in Frameworks */ = {isa = PBXBuildFile; fileRef = 2EBA632C1FA9A24100B82A23 /* SystemConfiguration.framework */; };
		2EBA632F1FA9A25100B82A23 /* libz.tbd in Frameworks */ = {isa = PBXBuildFile; fileRef = 2EBA632E1FA9A25100B82A23 /* libz.tbd */; };
		2EBA63311FA9A25B00B82A23 /* libc++.tbd in Frameworks */ = {isa = PBXBuildFile; fileRef = 2EBA63301FA9A25B00B82A23 /* libc++.tbd */; };
		CE15CF6B2192C0D60082B5F3 /* UIViewController+AdditionalFunc.m in Sources */ = {isa = PBXBuildFile; fileRef = CE15CF6A2192C0D60082B5F3 /* UIViewController+AdditionalFunc.m */; };
		CE15CF6E2192C37F0082B5F3 /* UIButton+ClickBlock.m in Sources */ = {isa = PBXBuildFile; fileRef = CE15CF6D2192C37F0082B5F3 /* UIButton+ClickBlock.m */; };
		CE15CF712192C4650082B5F3 /* PanMoveView.m in Sources */ = {isa = PBXBuildFile; fileRef = CE15CF702192C4650082B5F3 /* PanMoveView.m */; };
		CE15CF742192C72A0082B5F3 /* MotalVC_Close@3x.png in Resources */ = {isa = PBXBuildFile; fileRef = CE15CF722192C72A0082B5F3 /* MotalVC_Close@3x.png */; };
		CE15CF752192C72A0082B5F3 /* MotalVC_Close@2x.png in Resources */ = {isa = PBXBuildFile; fileRef = CE15CF732192C72A0082B5F3 /* MotalVC_Close@2x.png */; };
		CE15CFCE219419220082B5F3 /* BezierViewController.m in Sources */ = {isa = PBXBuildFile; fileRef = CE15CFCD219419220082B5F3 /* BezierViewController.m */; };
		CE15CFD0219419860082B5F3 /* light.jpg in Resources */ = {isa = PBXBuildFile; fileRef = CE15CFCF219419860082B5F3 /* light.jpg */; };
		CE17988B21770F500004FACB /* music@3x.png in Resources */ = {isa = PBXBuildFile; fileRef = CE17988921770F4F0004FACB /* music@3x.png */; };
		CE17988C21770F500004FACB /* music@2x.png in Resources */ = {isa = PBXBuildFile; fileRef = CE17988A21770F500004FACB /* music@2x.png */; };
		CE17988F217713510004FACB /* peace@3x.png in Resources */ = {isa = PBXBuildFile; fileRef = CE17988D217713510004FACB /* peace@3x.png */; };
		CE179890217713510004FACB /* peace@2x.png in Resources */ = {isa = PBXBuildFile; fileRef = CE17988E217713510004FACB /* peace@2x.png */; };
		CE179899217823100004FACB /* WebviewMessageHandler.m in Sources */ = {isa = PBXBuildFile; fileRef = CE179898217823100004FACB /* WebviewMessageHandler.m */; };
		CE1798DE217836300004FACB /* ComponentDeviceInfo.m in Sources */ = {isa = PBXBuildFile; fileRef = CE1798DD217836300004FACB /* ComponentDeviceInfo.m */; };
		CE1798E121785CEC0004FACB /* NSDictionary+JsonConversion.m in Sources */ = {isa = PBXBuildFile; fileRef = CE1798E021785CEC0004FACB /* NSDictionary+JsonConversion.m */; };
		CE1798E521785D950004FACB /* NSArray+JsonConversion.m in Sources */ = {isa = PBXBuildFile; fileRef = CE1798E421785D950004FACB /* NSArray+JsonConversion.m */; };
		CE1798E821785DBF0004FACB /* NSString+ObjectConversion.m in Sources */ = {isa = PBXBuildFile; fileRef = CE1798E721785DBF0004FACB /* NSString+ObjectConversion.m */; };
		CE1798FA217981320004FACB /* dongdong2@3x.tiff in Resources */ = {isa = PBXBuildFile; fileRef = CE1798EE217981320004FACB /* dongdong2@3x.tiff */; };
		CE1798FB217981320004FACB /* dongdong1@2x.tiff in Resources */ = {isa = PBXBuildFile; fileRef = CE1798EF217981320004FACB /* dongdong1@2x.tiff */; };
		CE1798FC217981320004FACB /* Finder.png in Resources */ = {isa = PBXBuildFile; fileRef = CE1798F0217981320004FACB /* Finder.png */; };
		CE1798FE217981320004FACB /* dongdong3@3x.tiff in Resources */ = {isa = PBXBuildFile; fileRef = CE1798F2217981320004FACB /* dongdong3@3x.tiff */; };
		CE1798FF217981320004FACB /* 小马.jpeg in Resources */ = {isa = PBXBuildFile; fileRef = CE1798F3217981320004FACB /* 小马.jpeg */; };
		CE179900217981320004FACB /* dongdong2@2x.tiff in Resources */ = {isa = PBXBuildFile; fileRef = CE1798F4217981320004FACB /* dongdong2@2x.tiff */; };
		CE179901217981320004FACB /* dongdong1@3x.tiff in Resources */ = {isa = PBXBuildFile; fileRef = CE1798F5217981320004FACB /* dongdong1@3x.tiff */; };
		CE179902217981320004FACB /* 06.png in Resources */ = {isa = PBXBuildFile; fileRef = CE1798F6217981320004FACB /* 06.png */; };
		CE179903217981320004FACB /* adidasi.jpg in Resources */ = {isa = PBXBuildFile; fileRef = CE1798F7217981320004FACB /* adidasi.jpg */; };
		CE179904217981320004FACB /* dongdong3@2x.tiff in Resources */ = {isa = PBXBuildFile; fileRef = CE1798F8217981320004FACB /* dongdong3@2x.tiff */; };
		CE179905217981320004FACB /* 小丑妹.png in Resources */ = {isa = PBXBuildFile; fileRef = CE1798F9217981320004FACB /* 小丑妹.png */; };
		CE1799082179818A0004FACB /* JoeyViewController.m in Sources */ = {isa = PBXBuildFile; fileRef = CE1799072179818A0004FACB /* JoeyViewController.m */; };
		CE1799DA2179BC2A0004FACB /* joey2.png in Resources */ = {isa = PBXBuildFile; fileRef = CE1799D62179BC2A0004FACB /* joey2.png */; };
		CE1799DB2179BC2A0004FACB /* joey1.png in Resources */ = {isa = PBXBuildFile; fileRef = CE1799D72179BC2A0004FACB /* joey1.png */; };
		CE1799DC2179BC2A0004FACB /* joey.png in Resources */ = {isa = PBXBuildFile; fileRef = CE1799D82179BC2A0004FACB /* joey.png */; };
		CE1799DD2179BC2A0004FACB /* joey3.png in Resources */ = {isa = PBXBuildFile; fileRef = CE1799D92179BC2A0004FACB /* joey3.png */; };
		CE17E0822157989200EF19D0 /* WKWebViewController.m in Sources */ = {isa = PBXBuildFile; fileRef = CE17E0812157989200EF19D0 /* WKWebViewController.m */; };
		CE17E0842157E5E300EF19D0 /* 纵贯线 - 亡命之徒(Live) - live.mp3 in Resources */ = {isa = PBXBuildFile; fileRef = CE17E0832157E5E300EF19D0 /* 纵贯线 - 亡命之徒(Live) - live.mp3 */; };
		CE242B4A216EF973009C4440 /* libc++.1.tbd in Frameworks */ = {isa = PBXBuildFile; fileRef = CE242B49216EF973009C4440 /* libc++.1.tbd */; };
		CE242B4C216EF97F009C4440 /* libc++abi.tbd in Frameworks */ = {isa = PBXBuildFile; fileRef = CE242B4B216EF97F009C4440 /* libc++abi.tbd */; };
		CE295B89216F3C3B00353F85 /* BOBNSlog.m in Sources */ = {isa = PBXBuildFile; fileRef = CE295B88216F3C3B00353F85 /* BOBNSlog.m */; };
		CE2BAD1F213E67380051FD2D /* TIEminem.mp3 in Resources */ = {isa = PBXBuildFile; fileRef = CE2BAD1E213E67380051FD2D /* TIEminem.mp3 */; };
		CE437660217DC229000AE8CC /* joey2.jpeg in Resources */ = {isa = PBXBuildFile; fileRef = CE43765F217DC228000AE8CC /* joey2.jpeg */; };
		CE437665217DCA0D000AE8CC /* DirectTool.m in Sources */ = {isa = PBXBuildFile; fileRef = CE437664217DCA0D000AE8CC /* DirectTool.m */; };
		CE437668217DD6B3000AE8CC /* 3dtouch_beauty.png in Resources */ = {isa = PBXBuildFile; fileRef = CE437666217DD6B3000AE8CC /* 3dtouch_beauty.png */; };
		CE43766B217DD769000AE8CC /* 3dtouch_shatan.png in Resources */ = {isa = PBXBuildFile; fileRef = CE43766A217DD769000AE8CC /* 3dtouch_shatan.png */; };
		CE745DB3216CB3EB00766D9B /* nav_book@3x.png in Resources */ = {isa = PBXBuildFile; fileRef = CE745DB1216CB3EB00766D9B /* nav_book@3x.png */; };
		CE745DB4216CB3EB00766D9B /* nav_book@2x.png in Resources */ = {isa = PBXBuildFile; fileRef = CE745DB2216CB3EB00766D9B /* nav_book@2x.png */; };
		CE745DB8216D8F8800766D9B /* PopView.m in Sources */ = {isa = PBXBuildFile; fileRef = CE745DB7216D8F8800766D9B /* PopView.m */; };
		CEB9357E21464A8F00C36C59 /* PlayTool.m in Sources */ = {isa = PBXBuildFile; fileRef = CEB9357D21464A8F00C36C59 /* PlayTool.m */; settings = {COMPILER_FLAGS = "-fno-objc-arc -Wundeclared-selector"; }; };
		CEBDEF2021391D8700EE6182 /* Start.m in Sources */ = {isa = PBXBuildFile; fileRef = CEBDEF1F21391D8700EE6182 /* Start.m */; };
		CEBEEC9D218164E000F31A79 /* PanMoveWindow.m in Sources */ = {isa = PBXBuildFile; fileRef = CEBEEC9C218164E000F31A79 /* PanMoveWindow.m */; };
		CEC665AB2153913300838C88 /* TabBarController.m in Sources */ = {isa = PBXBuildFile; fileRef = CEC665AA2153913300838C88 /* TabBarController.m */; };
		CEC6660821548C0900838C88 /* NavigationController.m in Sources */ = {isa = PBXBuildFile; fileRef = CEC6660721548C0900838C88 /* NavigationController.m */; };
		CEC6660C2154C99300838C88 /* MusicPlayViewController.m in Sources */ = {isa = PBXBuildFile; fileRef = CEC6660A2154C99300838C88 /* MusicPlayViewController.m */; };
		CEC6660F2154C9DD00838C88 /* ShaTanViewController.m in Sources */ = {isa = PBXBuildFile; fileRef = CEC6660E2154C9DD00838C88 /* ShaTanViewController.m */; };
		CEC666432154D0A600838C88 /* nav_back@2x.png in Resources */ = {isa = PBXBuildFile; fileRef = CEC666262154D0A600838C88 /* nav_back@2x.png */; };
		CEC666442154D0A600838C88 /* nav_back@3x.png in Resources */ = {isa = PBXBuildFile; fileRef = CEC666272154D0A600838C88 /* nav_back@3x.png */; };
		CEC666452154D0A600838C88 /* tab_shatan@2x.png in Resources */ = {isa = PBXBuildFile; fileRef = CEC666292154D0A600838C88 /* tab_shatan@2x.png */; };
		CEC666462154D0A600838C88 /* tab_shatan@3x.png in Resources */ = {isa = PBXBuildFile; fileRef = CEC6662A2154D0A600838C88 /* tab_shatan@3x.png */; };
		CEC666472154D0A600838C88 /* tab_xizi@3x.png in Resources */ = {isa = PBXBuildFile; fileRef = CEC6662B2154D0A600838C88 /* tab_xizi@3x.png */; };
		CEC666482154D0A600838C88 /* tab_xizi@2x.png in Resources */ = {isa = PBXBuildFile; fileRef = CEC6662C2154D0A600838C88 /* tab_xizi@2x.png */; };
		CEC6664A2154D0A600838C88 /* tab_tuzi@3x.png in Resources */ = {isa = PBXBuildFile; fileRef = CEC6662E2154D0A600838C88 /* tab_tuzi@3x.png */; };
		CEC6664B2154D0A600838C88 /* tab_tuzi@2x.png in Resources */ = {isa = PBXBuildFile; fileRef = CEC6662F2154D0A600838C88 /* tab_tuzi@2x.png */; };
		CEC6664F2154D63500838C88 /* nav_forward@3x.png in Resources */ = {isa = PBXBuildFile; fileRef = CEC6664D2154D63500838C88 /* nav_forward@3x.png */; };
		CEC666502154D63500838C88 /* nav_forward@2x.png in Resources */ = {isa = PBXBuildFile; fileRef = CEC6664E2154D63500838C88 /* nav_forward@2x.png */; };
		CEF92169215E37D600F0BA1E /* BOBTool.m in Sources */ = {isa = PBXBuildFile; fileRef = CEF92168215E37D600F0BA1E /* BOBTool.m */; };
/* End PBXBuildFile section */

/* Begin PBXFileReference section */
		2E63E7451FA306FD00C37FDE /* BOB.app */ = {isa = PBXFileReference; explicitFileType = wrapper.application; includeInIndex = 0; path = BOB.app; sourceTree = BUILT_PRODUCTS_DIR; };
		2E63E7481FA306FD00C37FDE /* AppDelegate.h */ = {isa = PBXFileReference; lastKnownFileType = sourcecode.c.h; path = AppDelegate.h; sourceTree = "<group>"; };
		2E63E7491FA306FD00C37FDE /* AppDelegate.m */ = {isa = PBXFileReference; lastKnownFileType = sourcecode.c.objc; path = AppDelegate.m; sourceTree = "<group>"; };
		2E63E76C1FA3186000C37FDE /* SVIndefiniteAnimatedView.h */ = {isa = PBXFileReference; fileEncoding = 4; lastKnownFileType = sourcecode.c.h; path = SVIndefiniteAnimatedView.h; sourceTree = "<group>"; };
		2E63E76D1FA3186000C37FDE /* SVIndefiniteAnimatedView.m */ = {isa = PBXFileReference; fileEncoding = 4; lastKnownFileType = sourcecode.c.objc; path = SVIndefiniteAnimatedView.m; sourceTree = "<group>"; };
		2E63E76E1FA3186000C37FDE /* SVProgressAnimatedView.h */ = {isa = PBXFileReference; fileEncoding = 4; lastKnownFileType = sourcecode.c.h; path = SVProgressAnimatedView.h; sourceTree = "<group>"; };
		2E63E76F1FA3186000C37FDE /* SVProgressAnimatedView.m */ = {isa = PBXFileReference; fileEncoding = 4; lastKnownFileType = sourcecode.c.objc; path = SVProgressAnimatedView.m; sourceTree = "<group>"; };
		2E63E7701FA3186000C37FDE /* SVProgressHUD-Prefix.pch */ = {isa = PBXFileReference; fileEncoding = 4; lastKnownFileType = sourcecode.c.h; path = "SVProgressHUD-Prefix.pch"; sourceTree = "<group>"; };
		2E63E7711FA3186000C37FDE /* SVProgressHUD.bundle */ = {isa = PBXFileReference; lastKnownFileType = "wrapper.plug-in"; path = SVProgressHUD.bundle; sourceTree = "<group>"; };
		2E63E7721FA3186000C37FDE /* SVProgressHUD.h */ = {isa = PBXFileReference; fileEncoding = 4; lastKnownFileType = sourcecode.c.h; path = SVProgressHUD.h; sourceTree = "<group>"; };
		2E63E7731FA3186000C37FDE /* SVProgressHUD.m */ = {isa = PBXFileReference; fileEncoding = 4; lastKnownFileType = sourcecode.c.objc; path = SVProgressHUD.m; sourceTree = "<group>"; };
		2E63E7741FA3186000C37FDE /* SVRadialGradientLayer.h */ = {isa = PBXFileReference; fileEncoding = 4; lastKnownFileType = sourcecode.c.h; path = SVRadialGradientLayer.h; sourceTree = "<group>"; };
		2E63E7751FA3186000C37FDE /* SVRadialGradientLayer.m */ = {isa = PBXFileReference; fileEncoding = 4; lastKnownFileType = sourcecode.c.objc; path = SVRadialGradientLayer.m; sourceTree = "<group>"; };
		2E63E7AB1FA31FDD00C37FDE /* Alan Walker-Spectre.mp3 */ = {isa = PBXFileReference; lastKnownFileType = audio.mp3; path = "Alan Walker-Spectre.mp3"; sourceTree = "<group>"; };
		2E63E7AC1FA31FDD00C37FDE /* Rihanna-Diamonds.mp3 */ = {isa = PBXFileReference; lastKnownFileType = audio.mp3; path = "Rihanna-Diamonds.mp3"; sourceTree = "<group>"; };
		2E63E7AD1FA31FDD00C37FDE /* 江语晨 - 最后一页.mp3 */ = {isa = PBXFileReference; lastKnownFileType = audio.mp3; path = "江语晨 - 最后一页.mp3"; sourceTree = "<group>"; };
		2E6450FA1FA9CA9800FCCF70 /* Launch Screen.storyboard */ = {isa = PBXFileReference; lastKnownFileType = file.storyboard; path = "Launch Screen.storyboard"; sourceTree = "<group>"; };
		2E6451301FAAB4B100FCCF70 /* NSData+ImageContentType.h */ = {isa = PBXFileReference; fileEncoding = 4; lastKnownFileType = sourcecode.c.h; path = "NSData+ImageContentType.h"; sourceTree = "<group>"; };
		2E6451311FAAB4B100FCCF70 /* NSData+ImageContentType.m */ = {isa = PBXFileReference; fileEncoding = 4; lastKnownFileType = sourcecode.c.objc; path = "NSData+ImageContentType.m"; sourceTree = "<group>"; };
		2E6451321FAAB4B100FCCF70 /* SDImageCache.h */ = {isa = PBXFileReference; fileEncoding = 4; lastKnownFileType = sourcecode.c.h; path = SDImageCache.h; sourceTree = "<group>"; };
		2E6451331FAAB4B100FCCF70 /* SDImageCache.m */ = {isa = PBXFileReference; fileEncoding = 4; lastKnownFileType = sourcecode.c.objc; path = SDImageCache.m; sourceTree = "<group>"; };
		2E6451341FAAB4B100FCCF70 /* SDWebImageCompat.h */ = {isa = PBXFileReference; fileEncoding = 4; lastKnownFileType = sourcecode.c.h; path = SDWebImageCompat.h; sourceTree = "<group>"; };
		2E6451351FAAB4B100FCCF70 /* SDWebImageCompat.m */ = {isa = PBXFileReference; fileEncoding = 4; lastKnownFileType = sourcecode.c.objc; path = SDWebImageCompat.m; sourceTree = "<group>"; };
		2E6451361FAAB4B100FCCF70 /* SDWebImageDecoder.h */ = {isa = PBXFileReference; fileEncoding = 4; lastKnownFileType = sourcecode.c.h; path = SDWebImageDecoder.h; sourceTree = "<group>"; };
		2E6451371FAAB4B100FCCF70 /* SDWebImageDecoder.m */ = {isa = PBXFileReference; fileEncoding = 4; lastKnownFileType = sourcecode.c.objc; path = SDWebImageDecoder.m; sourceTree = "<group>"; };
		2E6451381FAAB4B100FCCF70 /* SDWebImageDownloader.h */ = {isa = PBXFileReference; fileEncoding = 4; lastKnownFileType = sourcecode.c.h; path = SDWebImageDownloader.h; sourceTree = "<group>"; };
		2E6451391FAAB4B100FCCF70 /* SDWebImageDownloader.m */ = {isa = PBXFileReference; fileEncoding = 4; lastKnownFileType = sourcecode.c.objc; path = SDWebImageDownloader.m; sourceTree = "<group>"; };
		2E64513A1FAAB4B100FCCF70 /* SDWebImageDownloaderOperation.h */ = {isa = PBXFileReference; fileEncoding = 4; lastKnownFileType = sourcecode.c.h; path = SDWebImageDownloaderOperation.h; sourceTree = "<group>"; };
		2E64513B1FAAB4B100FCCF70 /* SDWebImageDownloaderOperation.m */ = {isa = PBXFileReference; fileEncoding = 4; lastKnownFileType = sourcecode.c.objc; path = SDWebImageDownloaderOperation.m; sourceTree = "<group>"; };
		2E64513C1FAAB4B100FCCF70 /* SDWebImageManager.h */ = {isa = PBXFileReference; fileEncoding = 4; lastKnownFileType = sourcecode.c.h; path = SDWebImageManager.h; sourceTree = "<group>"; };
		2E64513D1FAAB4B100FCCF70 /* SDWebImageManager.m */ = {isa = PBXFileReference; fileEncoding = 4; lastKnownFileType = sourcecode.c.objc; path = SDWebImageManager.m; sourceTree = "<group>"; };
		2E64513E1FAAB4B100FCCF70 /* SDWebImageOperation.h */ = {isa = PBXFileReference; fileEncoding = 4; lastKnownFileType = sourcecode.c.h; path = SDWebImageOperation.h; sourceTree = "<group>"; };
		2E64513F1FAAB4B100FCCF70 /* SDWebImagePrefetcher.h */ = {isa = PBXFileReference; fileEncoding = 4; lastKnownFileType = sourcecode.c.h; path = SDWebImagePrefetcher.h; sourceTree = "<group>"; };
		2E6451401FAAB4B100FCCF70 /* SDWebImagePrefetcher.m */ = {isa = PBXFileReference; fileEncoding = 4; lastKnownFileType = sourcecode.c.objc; path = SDWebImagePrefetcher.m; sourceTree = "<group>"; };
		2E6451411FAAB4B100FCCF70 /* UIButton+WebCache.h */ = {isa = PBXFileReference; fileEncoding = 4; lastKnownFileType = sourcecode.c.h; path = "UIButton+WebCache.h"; sourceTree = "<group>"; };
		2E6451421FAAB4B100FCCF70 /* UIButton+WebCache.m */ = {isa = PBXFileReference; fileEncoding = 4; lastKnownFileType = sourcecode.c.objc; path = "UIButton+WebCache.m"; sourceTree = "<group>"; };
		2E6451431FAAB4B100FCCF70 /* UIImage+GIF.h */ = {isa = PBXFileReference; fileEncoding = 4; lastKnownFileType = sourcecode.c.h; path = "UIImage+GIF.h"; sourceTree = "<group>"; };
		2E6451441FAAB4B100FCCF70 /* UIImage+GIF.m */ = {isa = PBXFileReference; fileEncoding = 4; lastKnownFileType = sourcecode.c.objc; path = "UIImage+GIF.m"; sourceTree = "<group>"; };
		2E6451451FAAB4B100FCCF70 /* UIImage+MultiFormat.h */ = {isa = PBXFileReference; fileEncoding = 4; lastKnownFileType = sourcecode.c.h; path = "UIImage+MultiFormat.h"; sourceTree = "<group>"; };
		2E6451461FAAB4B100FCCF70 /* UIImage+MultiFormat.m */ = {isa = PBXFileReference; fileEncoding = 4; lastKnownFileType = sourcecode.c.objc; path = "UIImage+MultiFormat.m"; sourceTree = "<group>"; };
		2E6451471FAAB4B100FCCF70 /* UIImageView+HighlightedWebCache.h */ = {isa = PBXFileReference; fileEncoding = 4; lastKnownFileType = sourcecode.c.h; path = "UIImageView+HighlightedWebCache.h"; sourceTree = "<group>"; };
		2E6451481FAAB4B100FCCF70 /* UIImageView+HighlightedWebCache.m */ = {isa = PBXFileReference; fileEncoding = 4; lastKnownFileType = sourcecode.c.objc; path = "UIImageView+HighlightedWebCache.m"; sourceTree = "<group>"; };
		2E6451491FAAB4B100FCCF70 /* UIImageView+WebCache.h */ = {isa = PBXFileReference; fileEncoding = 4; lastKnownFileType = sourcecode.c.h; path = "UIImageView+WebCache.h"; sourceTree = "<group>"; };
		2E64514A1FAAB4B100FCCF70 /* UIImageView+WebCache.m */ = {isa = PBXFileReference; fileEncoding = 4; lastKnownFileType = sourcecode.c.objc; path = "UIImageView+WebCache.m"; sourceTree = "<group>"; };
		2E64514B1FAAB4B100FCCF70 /* UIView+WebCacheOperation.h */ = {isa = PBXFileReference; fileEncoding = 4; lastKnownFileType = sourcecode.c.h; path = "UIView+WebCacheOperation.h"; sourceTree = "<group>"; };
		2E64514C1FAAB4B100FCCF70 /* UIView+WebCacheOperation.m */ = {isa = PBXFileReference; fileEncoding = 4; lastKnownFileType = sourcecode.c.objc; path = "UIView+WebCacheOperation.m"; sourceTree = "<group>"; };
		2E667CAF1FA7811D00892AF0 /* libTalkingData.a */ = {isa = PBXFileReference; lastKnownFileType = archive.ar; path = libTalkingData.a; sourceTree = "<group>"; };
		2E667CB01FA7811D00892AF0 /* TalkingData.h */ = {isa = PBXFileReference; fileEncoding = 4; lastKnownFileType = sourcecode.c.h; path = TalkingData.h; sourceTree = "<group>"; };
		2EBA627E1FA84D3C00B82A23 /* Assets.xcassets */ = {isa = PBXFileReference; lastKnownFileType = folder.assetcatalog; path = Assets.xcassets; sourceTree = "<group>"; };
		2EBA627F1FA84D3D00B82A23 /* main.m */ = {isa = PBXFileReference; fileEncoding = 4; lastKnownFileType = sourcecode.c.objc; path = main.m; sourceTree = "<group>"; };
		2EBA62861FA84DB300B82A23 /* Info.plist */ = {isa = PBXFileReference; fileEncoding = 4; lastKnownFileType = text.plist.xml; path = Info.plist; sourceTree = "<group>"; };
		2EBA62A11FA856ED00B82A23 /* BOBPublicHeader.pch */ = {isa = PBXFileReference; lastKnownFileType = sourcecode.c.h; path = BOBPublicHeader.pch; sourceTree = "<group>"; };
		2EBA62FC1FA8840500B82A23 /* Tupac - Ambitionz Az a Ridah.mp3 */ = {isa = PBXFileReference; lastKnownFileType = audio.mp3; path = "Tupac - Ambitionz Az a Ridah.mp3"; sourceTree = "<group>"; };
		2EBA62FD1FA8840500B82A23 /* Cammay Ng - Cry Away.mp3 */ = {isa = PBXFileReference; lastKnownFileType = audio.mp3; path = "Cammay Ng - Cry Away.mp3"; sourceTree = "<group>"; };
		2EBA62FE1FA8840500B82A23 /* 陈冠希,MC Hotdog - King Boomba's Crew.mp3 */ = {isa = PBXFileReference; lastKnownFileType = audio.mp3; path = "陈冠希,MC Hotdog - King Boomba's Crew.mp3"; sourceTree = "<group>"; };
		2EBA62FF1FA8840500B82A23 /* 大鹏-塑料袋.mp3 */ = {isa = PBXFileReference; lastKnownFileType = audio.mp3; path = "大鹏-塑料袋.mp3"; sourceTree = "<group>"; };
		2EBA63001FA8840500B82A23 /* Ryan.B,AY楊佬叁 - 再也没有.mp3 */ = {isa = PBXFileReference; lastKnownFileType = audio.mp3; path = "Ryan.B,AY楊佬叁 - 再也没有.mp3"; sourceTree = "<group>"; };
		2EBA63011FA8840500B82A23 /* 陈鸿宇 - 理想三旬.mp3 */ = {isa = PBXFileReference; lastKnownFileType = audio.mp3; path = "陈鸿宇 - 理想三旬.mp3"; sourceTree = "<group>"; };
		2EBA63021FA8840500B82A23 /* Oh Susanna - Sleepy Little Sailor.mp3 */ = {isa = PBXFileReference; lastKnownFileType = audio.mp3; path = "Oh Susanna - Sleepy Little Sailor.mp3"; sourceTree = "<group>"; };
		2EBA63031FA8840600B82A23 /* 陈梓童-控制.mp3 */ = {isa = PBXFileReference; lastKnownFileType = audio.mp3; path = "陈梓童-控制.mp3"; sourceTree = "<group>"; };
		2EBA63041FA8840600B82A23 /* Bruno Mars,Royce Da,Eminem - Lighters.mp3 */ = {isa = PBXFileReference; lastKnownFileType = audio.mp3; path = "Bruno Mars,Royce Da,Eminem - Lighters.mp3"; sourceTree = "<group>"; };
		2EBA63051FA8840600B82A23 /* 陈冠希-Salute.mp3 */ = {isa = PBXFileReference; lastKnownFileType = audio.mp3; path = "陈冠希-Salute.mp3"; sourceTree = "<group>"; };
		2EBA63061FA8840600B82A23 /* 低调组合 - 终点起点.mp3 */ = {isa = PBXFileReference; lastKnownFileType = audio.mp3; path = "低调组合 - 终点起点.mp3"; sourceTree = "<group>"; };
		2EBA63221FA99E2800B82A23 /* DeviceRelevant.h */ = {isa = PBXFileReference; lastKnownFileType = sourcecode.c.h; path = DeviceRelevant.h; sourceTree = "<group>"; };
		2EBA63231FA99E2800B82A23 /* DeviceRelevant.m */ = {isa = PBXFileReference; lastKnownFileType = sourcecode.c.objc; path = DeviceRelevant.m; sourceTree = "<group>"; };
		2EBA63261FA9A20600B82A23 /* AdSupport.framework */ = {isa = PBXFileReference; lastKnownFileType = wrapper.framework; name = AdSupport.framework; path = System/Library/Frameworks/AdSupport.framework; sourceTree = SDKROOT; };
		2EBA63281FA9A20E00B82A23 /* CoreTelephony.framework */ = {isa = PBXFileReference; lastKnownFileType = wrapper.framework; name = CoreTelephony.framework; path = System/Library/Frameworks/CoreTelephony.framework; sourceTree = SDKROOT; };
		2EBA632A1FA9A21900B82A23 /* CoreMotion.framework */ = {isa = PBXFileReference; lastKnownFileType = wrapper.framework; name = CoreMotion.framework; path = System/Library/Frameworks/CoreMotion.framework; sourceTree = SDKROOT; };
		2EBA632C1FA9A24100B82A23 /* SystemConfiguration.framework */ = {isa = PBXFileReference; lastKnownFileType = wrapper.framework; name = SystemConfiguration.framework; path = System/Library/Frameworks/SystemConfiguration.framework; sourceTree = SDKROOT; };
		2EBA632E1FA9A25100B82A23 /* libz.tbd */ = {isa = PBXFileReference; lastKnownFileType = "sourcecode.text-based-dylib-definition"; name = libz.tbd; path = usr/lib/libz.tbd; sourceTree = SDKROOT; };
		2EBA63301FA9A25B00B82A23 /* libc++.tbd */ = {isa = PBXFileReference; lastKnownFileType = "sourcecode.text-based-dylib-definition"; name = "libc++.tbd"; path = "usr/lib/libc++.tbd"; sourceTree = SDKROOT; };
		CE15CF692192C0D60082B5F3 /* UIViewController+AdditionalFunc.h */ = {isa = PBXFileReference; lastKnownFileType = sourcecode.c.h; path = "UIViewController+AdditionalFunc.h"; sourceTree = "<group>"; };
		CE15CF6A2192C0D60082B5F3 /* UIViewController+AdditionalFunc.m */ = {isa = PBXFileReference; lastKnownFileType = sourcecode.c.objc; path = "UIViewController+AdditionalFunc.m"; sourceTree = "<group>"; };
		CE15CF6C2192C37F0082B5F3 /* UIButton+ClickBlock.h */ = {isa = PBXFileReference; fileEncoding = 4; lastKnownFileType = sourcecode.c.h; path = "UIButton+ClickBlock.h"; sourceTree = "<group>"; };
		CE15CF6D2192C37F0082B5F3 /* UIButton+ClickBlock.m */ = {isa = PBXFileReference; fileEncoding = 4; lastKnownFileType = sourcecode.c.objc; path = "UIButton+ClickBlock.m"; sourceTree = "<group>"; };
		CE15CF6F2192C4650082B5F3 /* PanMoveView.h */ = {isa = PBXFileReference; lastKnownFileType = sourcecode.c.h; path = PanMoveView.h; sourceTree = "<group>"; };
		CE15CF702192C4650082B5F3 /* PanMoveView.m */ = {isa = PBXFileReference; lastKnownFileType = sourcecode.c.objc; path = PanMoveView.m; sourceTree = "<group>"; };
		CE15CF722192C72A0082B5F3 /* MotalVC_Close@3x.png */ = {isa = PBXFileReference; lastKnownFileType = image.png; path = "MotalVC_Close@3x.png"; sourceTree = "<group>"; };
		CE15CF732192C72A0082B5F3 /* MotalVC_Close@2x.png */ = {isa = PBXFileReference; lastKnownFileType = image.png; path = "MotalVC_Close@2x.png"; sourceTree = "<group>"; };
		CE15CF772192D85D0082B5F3 /* Object_Category.h */ = {isa = PBXFileReference; lastKnownFileType = sourcecode.c.h; path = Object_Category.h; sourceTree = "<group>"; };
		CE15CFCC219419220082B5F3 /* BezierViewController.h */ = {isa = PBXFileReference; lastKnownFileType = sourcecode.c.h; path = BezierViewController.h; sourceTree = "<group>"; };
		CE15CFCD219419220082B5F3 /* BezierViewController.m */ = {isa = PBXFileReference; lastKnownFileType = sourcecode.c.objc; path = BezierViewController.m; sourceTree = "<group>"; };
		CE15CFCF219419860082B5F3 /* light.jpg */ = {isa = PBXFileReference; lastKnownFileType = image.jpeg; path = light.jpg; sourceTree = "<group>"; };
		CE17988921770F4F0004FACB /* music@3x.png */ = {isa = PBXFileReference; lastKnownFileType = image.png; path = "music@3x.png"; sourceTree = "<group>"; };
		CE17988A21770F500004FACB /* music@2x.png */ = {isa = PBXFileReference; lastKnownFileType = image.png; path = "music@2x.png"; sourceTree = "<group>"; };
		CE17988D217713510004FACB /* peace@3x.png */ = {isa = PBXFileReference; lastKnownFileType = image.png; path = "peace@3x.png"; sourceTree = "<group>"; };
		CE17988E217713510004FACB /* peace@2x.png */ = {isa = PBXFileReference; lastKnownFileType = image.png; path = "peace@2x.png"; sourceTree = "<group>"; };
		CE179897217823100004FACB /* WebviewMessageHandler.h */ = {isa = PBXFileReference; lastKnownFileType = sourcecode.c.h; path = WebviewMessageHandler.h; sourceTree = "<group>"; };
		CE179898217823100004FACB /* WebviewMessageHandler.m */ = {isa = PBXFileReference; lastKnownFileType = sourcecode.c.objc; path = WebviewMessageHandler.m; sourceTree = "<group>"; };
		CE1798DC217836300004FACB /* ComponentDeviceInfo.h */ = {isa = PBXFileReference; lastKnownFileType = sourcecode.c.h; path = ComponentDeviceInfo.h; sourceTree = "<group>"; };
		CE1798DD217836300004FACB /* ComponentDeviceInfo.m */ = {isa = PBXFileReference; lastKnownFileType = sourcecode.c.objc; path = ComponentDeviceInfo.m; sourceTree = "<group>"; };
		CE1798DF21785CEC0004FACB /* NSDictionary+JsonConversion.h */ = {isa = PBXFileReference; lastKnownFileType = sourcecode.c.h; path = "NSDictionary+JsonConversion.h"; sourceTree = "<group>"; };
		CE1798E021785CEC0004FACB /* NSDictionary+JsonConversion.m */ = {isa = PBXFileReference; lastKnownFileType = sourcecode.c.objc; path = "NSDictionary+JsonConversion.m"; sourceTree = "<group>"; };
		CE1798E321785D950004FACB /* NSArray+JsonConversion.h */ = {isa = PBXFileReference; lastKnownFileType = sourcecode.c.h; path = "NSArray+JsonConversion.h"; sourceTree = "<group>"; };
		CE1798E421785D950004FACB /* NSArray+JsonConversion.m */ = {isa = PBXFileReference; lastKnownFileType = sourcecode.c.objc; path = "NSArray+JsonConversion.m"; sourceTree = "<group>"; };
		CE1798E621785DBF0004FACB /* NSString+ObjectConversion.h */ = {isa = PBXFileReference; lastKnownFileType = sourcecode.c.h; path = "NSString+ObjectConversion.h"; sourceTree = "<group>"; };
		CE1798E721785DBF0004FACB /* NSString+ObjectConversion.m */ = {isa = PBXFileReference; lastKnownFileType = sourcecode.c.objc; path = "NSString+ObjectConversion.m"; sourceTree = "<group>"; };
		CE1798EE217981320004FACB /* dongdong2@3x.tiff */ = {isa = PBXFileReference; lastKnownFileType = image.tiff; path = "dongdong2@3x.tiff"; sourceTree = "<group>"; };
		CE1798EF217981320004FACB /* dongdong1@2x.tiff */ = {isa = PBXFileReference; lastKnownFileType = image.tiff; path = "dongdong1@2x.tiff"; sourceTree = "<group>"; };
		CE1798F0217981320004FACB /* Finder.png */ = {isa = PBXFileReference; lastKnownFileType = image.png; path = Finder.png; sourceTree = "<group>"; };
		CE1798F2217981320004FACB /* dongdong3@3x.tiff */ = {isa = PBXFileReference; lastKnownFileType = image.tiff; path = "dongdong3@3x.tiff"; sourceTree = "<group>"; };
		CE1798F3217981320004FACB /* 小马.jpeg */ = {isa = PBXFileReference; lastKnownFileType = image.jpeg; path = "小马.jpeg"; sourceTree = "<group>"; };
		CE1798F4217981320004FACB /* dongdong2@2x.tiff */ = {isa = PBXFileReference; lastKnownFileType = image.tiff; path = "dongdong2@2x.tiff"; sourceTree = "<group>"; };
		CE1798F5217981320004FACB /* dongdong1@3x.tiff */ = {isa = PBXFileReference; lastKnownFileType = image.tiff; path = "dongdong1@3x.tiff"; sourceTree = "<group>"; };
		CE1798F6217981320004FACB /* 06.png */ = {isa = PBXFileReference; lastKnownFileType = image.png; path = 06.png; sourceTree = "<group>"; };
		CE1798F7217981320004FACB /* adidasi.jpg */ = {isa = PBXFileReference; lastKnownFileType = image.jpeg; path = adidasi.jpg; sourceTree = "<group>"; };
		CE1798F8217981320004FACB /* dongdong3@2x.tiff */ = {isa = PBXFileReference; lastKnownFileType = image.tiff; path = "dongdong3@2x.tiff"; sourceTree = "<group>"; };
		CE1798F9217981320004FACB /* 小丑妹.png */ = {isa = PBXFileReference; lastKnownFileType = image.png; path = "小丑妹.png"; sourceTree = "<group>"; };
		CE1799062179818A0004FACB /* JoeyViewController.h */ = {isa = PBXFileReference; lastKnownFileType = sourcecode.c.h; path = JoeyViewController.h; sourceTree = "<group>"; };
		CE1799072179818A0004FACB /* JoeyViewController.m */ = {isa = PBXFileReference; lastKnownFileType = sourcecode.c.objc; path = JoeyViewController.m; sourceTree = "<group>"; };
		CE1799D62179BC2A0004FACB /* joey2.png */ = {isa = PBXFileReference; lastKnownFileType = image.png; path = joey2.png; sourceTree = "<group>"; };
		CE1799D72179BC2A0004FACB /* joey1.png */ = {isa = PBXFileReference; lastKnownFileType = image.png; path = joey1.png; sourceTree = "<group>"; };
		CE1799D82179BC2A0004FACB /* joey.png */ = {isa = PBXFileReference; lastKnownFileType = image.png; path = joey.png; sourceTree = "<group>"; };
		CE1799D92179BC2A0004FACB /* joey3.png */ = {isa = PBXFileReference; lastKnownFileType = image.png; path = joey3.png; sourceTree = "<group>"; };
		CE17E0802157989200EF19D0 /* WKWebViewController.h */ = {isa = PBXFileReference; lastKnownFileType = sourcecode.c.h; path = WKWebViewController.h; sourceTree = "<group>"; };
		CE17E0812157989200EF19D0 /* WKWebViewController.m */ = {isa = PBXFileReference; lastKnownFileType = sourcecode.c.objc; path = WKWebViewController.m; sourceTree = "<group>"; };
		CE17E0832157E5E300EF19D0 /* 纵贯线 - 亡命之徒(Live) - live.mp3 */ = {isa = PBXFileReference; lastKnownFileType = audio.mp3; path = "纵贯线 - 亡命之徒(Live) - live.mp3"; sourceTree = "<group>"; };
		CE242B49216EF973009C4440 /* libc++.1.tbd */ = {isa = PBXFileReference; lastKnownFileType = "sourcecode.text-based-dylib-definition"; name = "libc++.1.tbd"; path = "usr/lib/libc++.1.tbd"; sourceTree = SDKROOT; };
		CE242B4B216EF97F009C4440 /* libc++abi.tbd */ = {isa = PBXFileReference; lastKnownFileType = "sourcecode.text-based-dylib-definition"; name = "libc++abi.tbd"; path = "usr/lib/libc++abi.tbd"; sourceTree = SDKROOT; };
		CE295B87216F3C3B00353F85 /* BOBNSlog.h */ = {isa = PBXFileReference; lastKnownFileType = sourcecode.c.h; path = BOBNSlog.h; sourceTree = "<group>"; };
		CE295B88216F3C3B00353F85 /* BOBNSlog.m */ = {isa = PBXFileReference; lastKnownFileType = sourcecode.c.objc; path = BOBNSlog.m; sourceTree = "<group>"; };
		CE2BAD1E213E67380051FD2D /* TIEminem.mp3 */ = {isa = PBXFileReference; lastKnownFileType = audio.mp3; path = TIEminem.mp3; sourceTree = "<group>"; };
		CE43765F217DC228000AE8CC /* joey2.jpeg */ = {isa = PBXFileReference; lastKnownFileType = image.jpeg; path = joey2.jpeg; sourceTree = "<group>"; };
		CE437663217DCA0D000AE8CC /* DirectTool.h */ = {isa = PBXFileReference; lastKnownFileType = sourcecode.c.h; path = DirectTool.h; sourceTree = "<group>"; };
		CE437664217DCA0D000AE8CC /* DirectTool.m */ = {isa = PBXFileReference; lastKnownFileType = sourcecode.c.objc; path = DirectTool.m; sourceTree = "<group>"; };
		CE437666217DD6B3000AE8CC /* 3dtouch_beauty.png */ = {isa = PBXFileReference; lastKnownFileType = image.png; path = 3dtouch_beauty.png; sourceTree = "<group>"; };
		CE43766A217DD769000AE8CC /* 3dtouch_shatan.png */ = {isa = PBXFileReference; lastKnownFileType = image.png; path = 3dtouch_shatan.png; sourceTree = "<group>"; };
		CE745DB1216CB3EB00766D9B /* nav_book@3x.png */ = {isa = PBXFileReference; lastKnownFileType = image.png; path = "nav_book@3x.png"; sourceTree = "<group>"; };
		CE745DB2216CB3EB00766D9B /* nav_book@2x.png */ = {isa = PBXFileReference; lastKnownFileType = image.png; path = "nav_book@2x.png"; sourceTree = "<group>"; };
		CE745DB6216D8F8800766D9B /* PopView.h */ = {isa = PBXFileReference; lastKnownFileType = sourcecode.c.h; path = PopView.h; sourceTree = "<group>"; };
		CE745DB7216D8F8800766D9B /* PopView.m */ = {isa = PBXFileReference; lastKnownFileType = sourcecode.c.objc; path = PopView.m; sourceTree = "<group>"; };
		CEB91E702155C55C00C3B26D /* BOB.entitlements */ = {isa = PBXFileReference; lastKnownFileType = text.plist.entitlements; path = BOB.entitlements; sourceTree = "<group>"; };
		CEB9357C21464A8E00C36C59 /* PlayTool.h */ = {isa = PBXFileReference; lastKnownFileType = sourcecode.c.h; path = PlayTool.h; sourceTree = "<group>"; };
		CEB9357D21464A8F00C36C59 /* PlayTool.m */ = {isa = PBXFileReference; lastKnownFileType = sourcecode.c.objc; path = PlayTool.m; sourceTree = "<group>"; };
		CEBDEF1D21391CBF00EE6182 /* GlobalDefine.h */ = {isa = PBXFileReference; lastKnownFileType = sourcecode.c.h; path = GlobalDefine.h; sourceTree = "<group>"; };
		CEBDEF1E21391D8700EE6182 /* Start.h */ = {isa = PBXFileReference; lastKnownFileType = sourcecode.c.h; path = Start.h; sourceTree = "<group>"; };
		CEBDEF1F21391D8700EE6182 /* Start.m */ = {isa = PBXFileReference; lastKnownFileType = sourcecode.c.objc; path = Start.m; sourceTree = "<group>"; };
		CEBEEC9B218164E000F31A79 /* PanMoveWindow.h */ = {isa = PBXFileReference; lastKnownFileType = sourcecode.c.h; path = PanMoveWindow.h; sourceTree = "<group>"; };
		CEBEEC9C218164E000F31A79 /* PanMoveWindow.m */ = {isa = PBXFileReference; lastKnownFileType = sourcecode.c.objc; path = PanMoveWindow.m; sourceTree = "<group>"; };
		CEC665A92153913300838C88 /* TabBarController.h */ = {isa = PBXFileReference; lastKnownFileType = sourcecode.c.h; path = TabBarController.h; sourceTree = "<group>"; };
		CEC665AA2153913300838C88 /* TabBarController.m */ = {isa = PBXFileReference; lastKnownFileType = sourcecode.c.objc; path = TabBarController.m; sourceTree = "<group>"; };
		CEC6660621548C0900838C88 /* NavigationController.h */ = {isa = PBXFileReference; lastKnownFileType = sourcecode.c.h; path = NavigationController.h; sourceTree = "<group>"; };
		CEC6660721548C0900838C88 /* NavigationController.m */ = {isa = PBXFileReference; lastKnownFileType = sourcecode.c.objc; path = NavigationController.m; sourceTree = "<group>"; };
		CEC6660A2154C99300838C88 /* MusicPlayViewController.m */ = {isa = PBXFileReference; fileEncoding = 4; lastKnownFileType = sourcecode.c.objc; path = MusicPlayViewController.m; sourceTree = "<group>"; };
		CEC6660B2154C99300838C88 /* MusicPlayViewController.h */ = {isa = PBXFileReference; fileEncoding = 4; lastKnownFileType = sourcecode.c.h; path = MusicPlayViewController.h; sourceTree = "<group>"; };
		CEC6660D2154C9DD00838C88 /* ShaTanViewController.h */ = {isa = PBXFileReference; lastKnownFileType = sourcecode.c.h; path = ShaTanViewController.h; sourceTree = "<group>"; };
		CEC6660E2154C9DD00838C88 /* ShaTanViewController.m */ = {isa = PBXFileReference; lastKnownFileType = sourcecode.c.objc; path = ShaTanViewController.m; sourceTree = "<group>"; };
		CEC666262154D0A600838C88 /* nav_back@2x.png */ = {isa = PBXFileReference; lastKnownFileType = image.png; path = "nav_back@2x.png"; sourceTree = "<group>"; };
		CEC666272154D0A600838C88 /* nav_back@3x.png */ = {isa = PBXFileReference; lastKnownFileType = image.png; path = "nav_back@3x.png"; sourceTree = "<group>"; };
		CEC666292154D0A600838C88 /* tab_shatan@2x.png */ = {isa = PBXFileReference; lastKnownFileType = image.png; path = "tab_shatan@2x.png"; sourceTree = "<group>"; };
		CEC6662A2154D0A600838C88 /* tab_shatan@3x.png */ = {isa = PBXFileReference; lastKnownFileType = image.png; path = "tab_shatan@3x.png"; sourceTree = "<group>"; };
		CEC6662B2154D0A600838C88 /* tab_xizi@3x.png */ = {isa = PBXFileReference; lastKnownFileType = image.png; path = "tab_xizi@3x.png"; sourceTree = "<group>"; };
		CEC6662C2154D0A600838C88 /* tab_xizi@2x.png */ = {isa = PBXFileReference; lastKnownFileType = image.png; path = "tab_xizi@2x.png"; sourceTree = "<group>"; };
		CEC6662E2154D0A600838C88 /* tab_tuzi@3x.png */ = {isa = PBXFileReference; lastKnownFileType = image.png; path = "tab_tuzi@3x.png"; sourceTree = "<group>"; };
		CEC6662F2154D0A600838C88 /* tab_tuzi@2x.png */ = {isa = PBXFileReference; lastKnownFileType = image.png; path = "tab_tuzi@2x.png"; sourceTree = "<group>"; };
		CEC6664D2154D63500838C88 /* nav_forward@3x.png */ = {isa = PBXFileReference; lastKnownFileType = image.png; path = "nav_forward@3x.png"; sourceTree = "<group>"; };
		CEC6664E2154D63500838C88 /* nav_forward@2x.png */ = {isa = PBXFileReference; lastKnownFileType = image.png; path = "nav_forward@2x.png"; sourceTree = "<group>"; };
		CEF92167215E37D600F0BA1E /* BOBTool.h */ = {isa = PBXFileReference; lastKnownFileType = sourcecode.c.h; path = BOBTool.h; sourceTree = "<group>"; };
		CEF92168215E37D600F0BA1E /* BOBTool.m */ = {isa = PBXFileReference; lastKnownFileType = sourcecode.c.objc; path = BOBTool.m; sourceTree = "<group>"; };
/* End PBXFileReference section */

/* Begin PBXFrameworksBuildPhase section */
		2E63E7421FA306FD00C37FDE /* Frameworks */ = {
			isa = PBXFrameworksBuildPhase;
			buildActionMask = 2147483647;
			files = (
				CE242B4C216EF97F009C4440 /* libc++abi.tbd in Frameworks */,
				2EBA63311FA9A25B00B82A23 /* libc++.tbd in Frameworks */,
				CE242B4A216EF973009C4440 /* libc++.1.tbd in Frameworks */,
				2EBA63291FA9A20E00B82A23 /* CoreTelephony.framework in Frameworks */,
				2EBA632F1FA9A25100B82A23 /* libz.tbd in Frameworks */,
				2EBA632D1FA9A24100B82A23 /* SystemConfiguration.framework in Frameworks */,
				2EBA632B1FA9A21A00B82A23 /* CoreMotion.framework in Frameworks */,
				2EBA63271FA9A20600B82A23 /* AdSupport.framework in Frameworks */,
				2E667CB11FA7811D00892AF0 /* libTalkingData.a in Frameworks */,
			);
			runOnlyForDeploymentPostprocessing = 0;
		};
/* End PBXFrameworksBuildPhase section */

/* Begin PBXGroup section */
		2E63E73C1FA306FD00C37FDE = {
			isa = PBXGroup;
			children = (
				2E63E7471FA306FD00C37FDE /* BOB */,
				2E63E7461FA306FD00C37FDE /* Products */,
				2EBA63251FA9A20600B82A23 /* Frameworks */,
			);
			sourceTree = "<group>";
		};
		2E63E7461FA306FD00C37FDE /* Products */ = {
			isa = PBXGroup;
			children = (
				2E63E7451FA306FD00C37FDE /* BOB.app */,
			);
			name = Products;
			sourceTree = "<group>";
		};
		2E63E7471FA306FD00C37FDE /* BOB */ = {
			isa = PBXGroup;
			children = (
				2E63E7481FA306FD00C37FDE /* AppDelegate.h */,
				2E63E7491FA306FD00C37FDE /* AppDelegate.m */,
				CEBDEF1E21391D8700EE6182 /* Start.h */,
				CEBDEF1F21391D8700EE6182 /* Start.m */,
				2EBA63431FA9B59300B82A23 /* ViewController */,
				2EBA631E1FA99C8300B82A23 /* PublicTool */,
				2EBA62851FA84D5400B82A23 /* Supporting Files */,
				2E63E7A91FA31FDD00C37FDE /* Resource */,
				2E63E76A1FA3186000C37FDE /* SDK */,
			);
			path = BOB;
			sourceTree = "<group>";
		};
		2E63E76A1FA3186000C37FDE /* SDK */ = {
			isa = PBXGroup;
			children = (
				2E64512F1FAAB4B100FCCF70 /* SDWebImage */,
				2E667CAE1FA7811D00892AF0 /* TD */,
				2E63E76B1FA3186000C37FDE /* SVProgressHUD */,
			);
			path = SDK;
			sourceTree = "<group>";
		};
		2E63E76B1FA3186000C37FDE /* SVProgressHUD */ = {
			isa = PBXGroup;
			children = (
				2E63E76C1FA3186000C37FDE /* SVIndefiniteAnimatedView.h */,
				2E63E76D1FA3186000C37FDE /* SVIndefiniteAnimatedView.m */,
				2E63E76E1FA3186000C37FDE /* SVProgressAnimatedView.h */,
				2E63E76F1FA3186000C37FDE /* SVProgressAnimatedView.m */,
				2E63E7701FA3186000C37FDE /* SVProgressHUD-Prefix.pch */,
				2E63E7711FA3186000C37FDE /* SVProgressHUD.bundle */,
				2E63E7721FA3186000C37FDE /* SVProgressHUD.h */,
				2E63E7731FA3186000C37FDE /* SVProgressHUD.m */,
				2E63E7741FA3186000C37FDE /* SVRadialGradientLayer.h */,
				2E63E7751FA3186000C37FDE /* SVRadialGradientLayer.m */,
			);
			path = SVProgressHUD;
			sourceTree = "<group>";
		};
		2E63E7A91FA31FDD00C37FDE /* Resource */ = {
			isa = PBXGroup;
			children = (
				CEC666102154D0A600838C88 /* pic */,
				2E63E7AA1FA31FDD00C37FDE /* sound */,
			);
			path = Resource;
			sourceTree = "<group>";
		};
		2E63E7AA1FA31FDD00C37FDE /* sound */ = {
			isa = PBXGroup;
			children = (
				CE17E0832157E5E300EF19D0 /* 纵贯线 - 亡命之徒(Live) - live.mp3 */,
				CE2BAD1E213E67380051FD2D /* TIEminem.mp3 */,
				2EBA63051FA8840600B82A23 /* 陈冠希-Salute.mp3 */,
				2EBA62FE1FA8840500B82A23 /* 陈冠希,MC Hotdog - King Boomba's Crew.mp3 */,
				2EBA63011FA8840500B82A23 /* 陈鸿宇 - 理想三旬.mp3 */,
				2EBA63031FA8840600B82A23 /* 陈梓童-控制.mp3 */,
				2EBA62FF1FA8840500B82A23 /* 大鹏-塑料袋.mp3 */,
				2EBA63061FA8840600B82A23 /* 低调组合 - 终点起点.mp3 */,
				2EBA63041FA8840600B82A23 /* Bruno Mars,Royce Da,Eminem - Lighters.mp3 */,
				2EBA62FD1FA8840500B82A23 /* Cammay Ng - Cry Away.mp3 */,
				2EBA63021FA8840500B82A23 /* Oh Susanna - Sleepy Little Sailor.mp3 */,
				2EBA63001FA8840500B82A23 /* Ryan.B,AY楊佬叁 - 再也没有.mp3 */,
				2EBA62FC1FA8840500B82A23 /* Tupac - Ambitionz Az a Ridah.mp3 */,
				2E63E7AB1FA31FDD00C37FDE /* Alan Walker-Spectre.mp3 */,
				2E63E7AC1FA31FDD00C37FDE /* Rihanna-Diamonds.mp3 */,
				2E63E7AD1FA31FDD00C37FDE /* 江语晨 - 最后一页.mp3 */,
			);
			path = sound;
			sourceTree = "<group>";
		};
		2E64512F1FAAB4B100FCCF70 /* SDWebImage */ = {
			isa = PBXGroup;
			children = (
				2E6451301FAAB4B100FCCF70 /* NSData+ImageContentType.h */,
				2E6451311FAAB4B100FCCF70 /* NSData+ImageContentType.m */,
				2E6451321FAAB4B100FCCF70 /* SDImageCache.h */,
				2E6451331FAAB4B100FCCF70 /* SDImageCache.m */,
				2E6451341FAAB4B100FCCF70 /* SDWebImageCompat.h */,
				2E6451351FAAB4B100FCCF70 /* SDWebImageCompat.m */,
				2E6451361FAAB4B100FCCF70 /* SDWebImageDecoder.h */,
				2E6451371FAAB4B100FCCF70 /* SDWebImageDecoder.m */,
				2E6451381FAAB4B100FCCF70 /* SDWebImageDownloader.h */,
				2E6451391FAAB4B100FCCF70 /* SDWebImageDownloader.m */,
				2E64513A1FAAB4B100FCCF70 /* SDWebImageDownloaderOperation.h */,
				2E64513B1FAAB4B100FCCF70 /* SDWebImageDownloaderOperation.m */,
				2E64513C1FAAB4B100FCCF70 /* SDWebImageManager.h */,
				2E64513D1FAAB4B100FCCF70 /* SDWebImageManager.m */,
				2E64513E1FAAB4B100FCCF70 /* SDWebImageOperation.h */,
				2E64513F1FAAB4B100FCCF70 /* SDWebImagePrefetcher.h */,
				2E6451401FAAB4B100FCCF70 /* SDWebImagePrefetcher.m */,
				2E6451411FAAB4B100FCCF70 /* UIButton+WebCache.h */,
				2E6451421FAAB4B100FCCF70 /* UIButton+WebCache.m */,
				2E6451431FAAB4B100FCCF70 /* UIImage+GIF.h */,
				2E6451441FAAB4B100FCCF70 /* UIImage+GIF.m */,
				2E6451451FAAB4B100FCCF70 /* UIImage+MultiFormat.h */,
				2E6451461FAAB4B100FCCF70 /* UIImage+MultiFormat.m */,
				2E6451471FAAB4B100FCCF70 /* UIImageView+HighlightedWebCache.h */,
				2E6451481FAAB4B100FCCF70 /* UIImageView+HighlightedWebCache.m */,
				2E6451491FAAB4B100FCCF70 /* UIImageView+WebCache.h */,
				2E64514A1FAAB4B100FCCF70 /* UIImageView+WebCache.m */,
				2E64514B1FAAB4B100FCCF70 /* UIView+WebCacheOperation.h */,
				2E64514C1FAAB4B100FCCF70 /* UIView+WebCacheOperation.m */,
			);
			path = SDWebImage;
			sourceTree = "<group>";
		};
		2E667CAE1FA7811D00892AF0 /* TD */ = {
			isa = PBXGroup;
			children = (
				2E667CAF1FA7811D00892AF0 /* libTalkingData.a */,
				2E667CB01FA7811D00892AF0 /* TalkingData.h */,
			);
			path = TD;
			sourceTree = "<group>";
		};
		2EBA62851FA84D5400B82A23 /* Supporting Files */ = {
			isa = PBXGroup;
			children = (
				CEB91E702155C55C00C3B26D /* BOB.entitlements */,
				2EBA62861FA84DB300B82A23 /* Info.plist */,
				2EBA627E1FA84D3C00B82A23 /* Assets.xcassets */,
				2EBA627F1FA84D3D00B82A23 /* main.m */,
				2EBA62A11FA856ED00B82A23 /* BOBPublicHeader.pch */,
				2E6450FA1FA9CA9800FCCF70 /* Launch Screen.storyboard */,
			);
			path = "Supporting Files";
			sourceTree = "<group>";
		};
		2EBA631E1FA99C8300B82A23 /* PublicTool */ = {
			isa = PBXGroup;
			children = (
				CE17989A21782CA90004FACB /* Component */,
				CE1798E221785D440004FACB /* ObjCategory */,
				2EBA63221FA99E2800B82A23 /* DeviceRelevant.h */,
				2EBA63231FA99E2800B82A23 /* DeviceRelevant.m */,
				CEBDEF1D21391CBF00EE6182 /* GlobalDefine.h */,
				CEF92167215E37D600F0BA1E /* BOBTool.h */,
				CEF92168215E37D600F0BA1E /* BOBTool.m */,
				CE437663217DCA0D000AE8CC /* DirectTool.h */,
				CE437664217DCA0D000AE8CC /* DirectTool.m */,
				CEB9357C21464A8E00C36C59 /* PlayTool.h */,
				CEB9357D21464A8F00C36C59 /* PlayTool.m */,
				CE295B87216F3C3B00353F85 /* BOBNSlog.h */,
				CE295B88216F3C3B00353F85 /* BOBNSlog.m */,
			);
			path = PublicTool;
			sourceTree = "<group>";
		};
		2EBA63251FA9A20600B82A23 /* Frameworks */ = {
			isa = PBXGroup;
			children = (
				CE242B4B216EF97F009C4440 /* libc++abi.tbd */,
				CE242B49216EF973009C4440 /* libc++.1.tbd */,
				2EBA63301FA9A25B00B82A23 /* libc++.tbd */,
				2EBA632E1FA9A25100B82A23 /* libz.tbd */,
				2EBA632C1FA9A24100B82A23 /* SystemConfiguration.framework */,
				2EBA632A1FA9A21900B82A23 /* CoreMotion.framework */,
				2EBA63281FA9A20E00B82A23 /* CoreTelephony.framework */,
				2EBA63261FA9A20600B82A23 /* AdSupport.framework */,
			);
			name = Frameworks;
			sourceTree = "<group>";
		};
		2EBA63431FA9B59300B82A23 /* ViewController */ = {
			isa = PBXGroup;
			children = (
				CE15CFCB219418F80082B5F3 /* SecondViewController */,
				CE745DB5216D8F6600766D9B /* CustomView */,
				CE17E07F2157980200EF19D0 /* WKWebViewController */,
				CEC666092154C99300838C88 /* TabBarPages */,
				CEC665A92153913300838C88 /* TabBarController.h */,
				CEC665AA2153913300838C88 /* TabBarController.m */,
				CEC6660621548C0900838C88 /* NavigationController.h */,
				CEC6660721548C0900838C88 /* NavigationController.m */,
			);
			path = ViewController;
			sourceTree = "<group>";
		};
		CE09AFB821709A990003D230 /* WKMessageHandler */ = {
			isa = PBXGroup;
			children = (
				CE179897217823100004FACB /* WebviewMessageHandler.h */,
				CE179898217823100004FACB /* WebviewMessageHandler.m */,
			);
			path = WKMessageHandler;
			sourceTree = "<group>";
		};
		CE15CFCB219418F80082B5F3 /* SecondViewController */ = {
			isa = PBXGroup;
			children = (
				CE15CFCC219419220082B5F3 /* BezierViewController.h */,
				CE15CFCD219419220082B5F3 /* BezierViewController.m */,
			);
			path = SecondViewController;
			sourceTree = "<group>";
		};
		CE17989A21782CA90004FACB /* Component */ = {
			isa = PBXGroup;
			children = (
				CE1798DC217836300004FACB /* ComponentDeviceInfo.h */,
				CE1798DD217836300004FACB /* ComponentDeviceInfo.m */,
			);
			path = Component;
			sourceTree = "<group>";
		};
		CE1798E221785D440004FACB /* ObjCategory */ = {
			isa = PBXGroup;
			children = (
				CE15CF772192D85D0082B5F3 /* Object_Category.h */,
				CE1798DF21785CEC0004FACB /* NSDictionary+JsonConversion.h */,
				CE1798E021785CEC0004FACB /* NSDictionary+JsonConversion.m */,
				CE1798E321785D950004FACB /* NSArray+JsonConversion.h */,
				CE1798E421785D950004FACB /* NSArray+JsonConversion.m */,
				CE1798E621785DBF0004FACB /* NSString+ObjectConversion.h */,
				CE1798E721785DBF0004FACB /* NSString+ObjectConversion.m */,
				CE15CF692192C0D60082B5F3 /* UIViewController+AdditionalFunc.h */,
				CE15CF6A2192C0D60082B5F3 /* UIViewController+AdditionalFunc.m */,
				CE15CF6C2192C37F0082B5F3 /* UIButton+ClickBlock.h */,
				CE15CF6D2192C37F0082B5F3 /* UIButton+ClickBlock.m */,
			);
			path = ObjCategory;
			sourceTree = "<group>";
		};
		CE1798ED217981320004FACB /* image */ = {
			isa = PBXGroup;
			children = (
				CE43765F217DC228000AE8CC /* joey2.jpeg */,
				CE17988E217713510004FACB /* peace@2x.png */,
				CE17988D217713510004FACB /* peace@3x.png */,
				CE1799D82179BC2A0004FACB /* joey.png */,
				CE1799D72179BC2A0004FACB /* joey1.png */,
				CE15CFCF219419860082B5F3 /* light.jpg */,
				CE1799D62179BC2A0004FACB /* joey2.png */,
				CE1799D92179BC2A0004FACB /* joey3.png */,
				CE1798EE217981320004FACB /* dongdong2@3x.tiff */,
				CE1798EF217981320004FACB /* dongdong1@2x.tiff */,
				CE1798F0217981320004FACB /* Finder.png */,
				CE1798F2217981320004FACB /* dongdong3@3x.tiff */,
				CE1798F3217981320004FACB /* 小马.jpeg */,
				CE1798F4217981320004FACB /* dongdong2@2x.tiff */,
				CE1798F5217981320004FACB /* dongdong1@3x.tiff */,
				CE1798F6217981320004FACB /* 06.png */,
				CE1798F7217981320004FACB /* adidasi.jpg */,
				CE1798F8217981320004FACB /* dongdong3@2x.tiff */,
				CE1798F9217981320004FACB /* 小丑妹.png */,
			);
			path = image;
			sourceTree = "<group>";
		};
		CE17E07F2157980200EF19D0 /* WKWebViewController */ = {
			isa = PBXGroup;
			children = (
				CE17E0802157989200EF19D0 /* WKWebViewController.h */,
				CE17E0812157989200EF19D0 /* WKWebViewController.m */,
				CE09AFB821709A990003D230 /* WKMessageHandler */,
			);
			path = WKWebViewController;
			sourceTree = "<group>";
		};
		CE745DB5216D8F6600766D9B /* CustomView */ = {
			isa = PBXGroup;
			children = (
				CE745DB6216D8F8800766D9B /* PopView.h */,
				CE745DB7216D8F8800766D9B /* PopView.m */,
				CEBEEC9B218164E000F31A79 /* PanMoveWindow.h */,
				CEBEEC9C218164E000F31A79 /* PanMoveWindow.m */,
				CE15CF6F2192C4650082B5F3 /* PanMoveView.h */,
				CE15CF702192C4650082B5F3 /* PanMoveView.m */,
			);
			path = CustomView;
			sourceTree = "<group>";
		};
		CEC666092154C99300838C88 /* TabBarPages */ = {
			isa = PBXGroup;
			children = (
				CEC6660B2154C99300838C88 /* MusicPlayViewController.h */,
				CEC6660A2154C99300838C88 /* MusicPlayViewController.m */,
				CEC6660D2154C9DD00838C88 /* ShaTanViewController.h */,
				CEC6660E2154C9DD00838C88 /* ShaTanViewController.m */,
				CE1799062179818A0004FACB /* JoeyViewController.h */,
				CE1799072179818A0004FACB /* JoeyViewController.m */,
			);
			path = TabBarPages;
			sourceTree = "<group>";
		};
		CEC666102154D0A600838C88 /* pic */ = {
			isa = PBXGroup;
			children = (
				CE1798ED217981320004FACB /* image */,
				CEC666242154D0A600838C88 /* icon */,
			);
			path = pic;
			sourceTree = "<group>";
		};
		CEC666242154D0A600838C88 /* icon */ = {
			isa = PBXGroup;
			children = (
				CE15CF732192C72A0082B5F3 /* MotalVC_Close@2x.png */,
				CE15CF722192C72A0082B5F3 /* MotalVC_Close@3x.png */,
				CE437666217DD6B3000AE8CC /* 3dtouch_beauty.png */,
				CE43766A217DD769000AE8CC /* 3dtouch_shatan.png */,
				CE17988A21770F500004FACB /* music@2x.png */,
				CE17988921770F4F0004FACB /* music@3x.png */,
				CEC666252154D0A600838C88 /* nav_icon */,
				CEC666282154D0A600838C88 /* tab_icon */,
			);
			path = icon;
			sourceTree = "<group>";
		};
		CEC666252154D0A600838C88 /* nav_icon */ = {
			isa = PBXGroup;
			children = (
				CEC6664E2154D63500838C88 /* nav_forward@2x.png */,
				CEC6664D2154D63500838C88 /* nav_forward@3x.png */,
				CEC666262154D0A600838C88 /* nav_back@2x.png */,
				CEC666272154D0A600838C88 /* nav_back@3x.png */,
				CE745DB2216CB3EB00766D9B /* nav_book@2x.png */,
				CE745DB1216CB3EB00766D9B /* nav_book@3x.png */,
			);
			path = nav_icon;
			sourceTree = "<group>";
		};
		CEC666282154D0A600838C88 /* tab_icon */ = {
			isa = PBXGroup;
			children = (
				CEC666292154D0A600838C88 /* tab_shatan@2x.png */,
				CEC6662A2154D0A600838C88 /* tab_shatan@3x.png */,
				CEC6662B2154D0A600838C88 /* tab_xizi@3x.png */,
				CEC6662C2154D0A600838C88 /* tab_xizi@2x.png */,
				CEC6662E2154D0A600838C88 /* tab_tuzi@3x.png */,
				CEC6662F2154D0A600838C88 /* tab_tuzi@2x.png */,
			);
			path = tab_icon;
			sourceTree = "<group>";
		};
/* End PBXGroup section */

/* Begin PBXNativeTarget section */
		2E63E7441FA306FD00C37FDE /* BOB */ = {
			isa = PBXNativeTarget;
			buildConfigurationList = 2E63E75B1FA306FD00C37FDE /* Build configuration list for PBXNativeTarget "BOB" */;
			buildPhases = (
				2E63E7411FA306FD00C37FDE /* Sources */,
				2E63E7421FA306FD00C37FDE /* Frameworks */,
				2E63E7431FA306FD00C37FDE /* Resources */,
			);
			buildRules = (
			);
			dependencies = (
			);
			name = BOB;
			productName = BOB;
			productReference = 2E63E7451FA306FD00C37FDE /* BOB.app */;
			productType = "com.apple.product-type.application";
		};
/* End PBXNativeTarget section */

/* Begin PBXProject section */
		2E63E73D1FA306FD00C37FDE /* Project object */ = {
			isa = PBXProject;
			attributes = {
				LastUpgradeCheck = 1000;
				ORGANIZATIONNAME = qunyingji;
				TargetAttributes = {
					2E63E7441FA306FD00C37FDE = {
						CreatedOnToolsVersion = 9.0;
						ProvisioningStyle = Manual;
						SystemCapabilities = {
							com.apple.BackgroundModes = {
								enabled = 1;
							};
							com.apple.SafariKeychain = {
								enabled = 0;
							};
						};
					};
				};
			};
			buildConfigurationList = 2E63E7401FA306FD00C37FDE /* Build configuration list for PBXProject "BOB" */;
			compatibilityVersion = "Xcode 8.0";
			developmentRegion = en;
			hasScannedForEncodings = 0;
			knownRegions = (
				en,
				Base,
			);
			mainGroup = 2E63E73C1FA306FD00C37FDE;
			productRefGroup = 2E63E7461FA306FD00C37FDE /* Products */;
			projectDirPath = "";
			projectRoot = "";
			targets = (
				2E63E7441FA306FD00C37FDE /* BOB */,
			);
		};
/* End PBXProject section */

/* Begin PBXResourcesBuildPhase section */
		2E63E7431FA306FD00C37FDE /* Resources */ = {
			isa = PBXResourcesBuildPhase;
			buildActionMask = 2147483647;
			files = (
				CE15CFD0219419860082B5F3 /* light.jpg in Resources */,
				CEC6664A2154D0A600838C88 /* tab_tuzi@3x.png in Resources */,
				CE1798FA217981320004FACB /* dongdong2@3x.tiff in Resources */,
				CE179903217981320004FACB /* adidasi.jpg in Resources */,
				2EBA63111FA8840600B82A23 /* 陈冠希-Salute.mp3 in Resources */,
				2EBA630D1FA8840600B82A23 /* 陈鸿宇 - 理想三旬.mp3 in Resources */,
				2EBA63081FA8840600B82A23 /* Tupac - Ambitionz Az a Ridah.mp3 in Resources */,
				CE1798FC217981320004FACB /* Finder.png in Resources */,
				2E6450FB1FA9CA9800FCCF70 /* Launch Screen.storyboard in Resources */,
				CE1799DA2179BC2A0004FACB /* joey2.png in Resources */,
				CE745DB3216CB3EB00766D9B /* nav_book@3x.png in Resources */,
				CE437660217DC229000AE8CC /* joey2.jpeg in Resources */,
				2EBA62831FA84D3D00B82A23 /* Assets.xcassets in Resources */,
				CEC6664F2154D63500838C88 /* nav_forward@3x.png in Resources */,
				CE17988F217713510004FACB /* peace@3x.png in Resources */,
				CEC666502154D63500838C88 /* nav_forward@2x.png in Resources */,
				CE15CF742192C72A0082B5F3 /* MotalVC_Close@3x.png in Resources */,
				2EBA630A1FA8840600B82A23 /* 陈冠希,MC Hotdog - King Boomba's Crew.mp3 in Resources */,
				CEC666482154D0A600838C88 /* tab_xizi@2x.png in Resources */,
				CE17988C21770F500004FACB /* music@2x.png in Resources */,
				2EBA63101FA8840600B82A23 /* Bruno Mars,Royce Da,Eminem - Lighters.mp3 in Resources */,
				CE179900217981320004FACB /* dongdong2@2x.tiff in Resources */,
				CE17988B21770F500004FACB /* music@3x.png in Resources */,
				2EBA63091FA8840600B82A23 /* Cammay Ng - Cry Away.mp3 in Resources */,
				CE179902217981320004FACB /* 06.png in Resources */,
				CE17E0842157E5E300EF19D0 /* 纵贯线 - 亡命之徒(Live) - live.mp3 in Resources */,
				CE15CF752192C72A0082B5F3 /* MotalVC_Close@2x.png in Resources */,
				CE43766B217DD769000AE8CC /* 3dtouch_shatan.png in Resources */,
				CE1798FF217981320004FACB /* 小马.jpeg in Resources */,
				CEC666472154D0A600838C88 /* tab_xizi@3x.png in Resources */,
				CE745DB4216CB3EB00766D9B /* nav_book@2x.png in Resources */,
				2EBA630E1FA8840600B82A23 /* Oh Susanna - Sleepy Little Sailor.mp3 in Resources */,
				CE179905217981320004FACB /* 小丑妹.png in Resources */,
				2EBA63121FA8840600B82A23 /* 低调组合 - 终点起点.mp3 in Resources */,
				CEC6664B2154D0A600838C88 /* tab_tuzi@2x.png in Resources */,
				CE179904217981320004FACB /* dongdong3@2x.tiff in Resources */,
				CEC666432154D0A600838C88 /* nav_back@2x.png in Resources */,
				2E63E7AE1FA31FDD00C37FDE /* Alan Walker-Spectre.mp3 in Resources */,
				2EBA630C1FA8840600B82A23 /* Ryan.B,AY楊佬叁 - 再也没有.mp3 in Resources */,
				2E63E7AF1FA31FDD00C37FDE /* Rihanna-Diamonds.mp3 in Resources */,
				2EBA630F1FA8840600B82A23 /* 陈梓童-控制.mp3 in Resources */,
				CE1799DB2179BC2A0004FACB /* joey1.png in Resources */,
				CE179890217713510004FACB /* peace@2x.png in Resources */,
				2EBA630B1FA8840600B82A23 /* 大鹏-塑料袋.mp3 in Resources */,
				CE437668217DD6B3000AE8CC /* 3dtouch_beauty.png in Resources */,
				CEC666442154D0A600838C88 /* nav_back@3x.png in Resources */,
				CE1799DC2179BC2A0004FACB /* joey.png in Resources */,
				2E63E7781FA3186000C37FDE /* SVProgressHUD.bundle in Resources */,
				CE1798FB217981320004FACB /* dongdong1@2x.tiff in Resources */,
				CEC666452154D0A600838C88 /* tab_shatan@2x.png in Resources */,
				CE179901217981320004FACB /* dongdong1@3x.tiff in Resources */,
				CE2BAD1F213E67380051FD2D /* TIEminem.mp3 in Resources */,
				CE1799DD2179BC2A0004FACB /* joey3.png in Resources */,
				2E63E7B01FA31FDD00C37FDE /* 江语晨 - 最后一页.mp3 in Resources */,
				CE1798FE217981320004FACB /* dongdong3@3x.tiff in Resources */,
				CEC666462154D0A600838C88 /* tab_shatan@3x.png in Resources */,
			);
			runOnlyForDeploymentPostprocessing = 0;
		};
/* End PBXResourcesBuildPhase section */

/* Begin PBXSourcesBuildPhase section */
		2E63E7411FA306FD00C37FDE /* Sources */ = {
			isa = PBXSourcesBuildPhase;
			buildActionMask = 2147483647;
			files = (
				CEBDEF2021391D8700EE6182 /* Start.m in Sources */,
				2E6451591FAAB4B100FCCF70 /* UIImageView+WebCache.m in Sources */,
				2E6451501FAAB4B100FCCF70 /* SDWebImageDecoder.m in Sources */,
				CE17E0822157989200EF19D0 /* WKWebViewController.m in Sources */,
				CEC6660F2154C9DD00838C88 /* ShaTanViewController.m in Sources */,
				2E6451531FAAB4B100FCCF70 /* SDWebImageManager.m in Sources */,
				CE15CF6E2192C37F0082B5F3 /* UIButton+ClickBlock.m in Sources */,
				2E64514D1FAAB4B100FCCF70 /* NSData+ImageContentType.m in Sources */,
				2E64514F1FAAB4B100FCCF70 /* SDWebImageCompat.m in Sources */,
				CEC6660C2154C99300838C88 /* MusicPlayViewController.m in Sources */,
				2E63E77A1FA3186000C37FDE /* SVRadialGradientLayer.m in Sources */,
				CE15CF712192C4650082B5F3 /* PanMoveView.m in Sources */,
				2E64515A1FAAB4B100FCCF70 /* UIView+WebCacheOperation.m in Sources */,
				2EBA63241FA99E2800B82A23 /* DeviceRelevant.m in Sources */,
				2E6451551FAAB4B100FCCF70 /* UIButton+WebCache.m in Sources */,
				CE15CFCE219419220082B5F3 /* BezierViewController.m in Sources */,
				CEC6660821548C0900838C88 /* NavigationController.m in Sources */,
				CE179899217823100004FACB /* WebviewMessageHandler.m in Sources */,
				2E6451541FAAB4B100FCCF70 /* SDWebImagePrefetcher.m in Sources */,
				2E6451521FAAB4B100FCCF70 /* SDWebImageDownloaderOperation.m in Sources */,
				2E63E7771FA3186000C37FDE /* SVProgressAnimatedView.m in Sources */,
				2E63E74A1FA306FD00C37FDE /* AppDelegate.m in Sources */,
				2E6451581FAAB4B100FCCF70 /* UIImageView+HighlightedWebCache.m in Sources */,
				CEF92169215E37D600F0BA1E /* BOBTool.m in Sources */,
				CE1798E521785D950004FACB /* NSArray+JsonConversion.m in Sources */,
				CE437665217DCA0D000AE8CC /* DirectTool.m in Sources */,
				2E6451571FAAB4B100FCCF70 /* UIImage+MultiFormat.m in Sources */,
				CEBEEC9D218164E000F31A79 /* PanMoveWindow.m in Sources */,
				CE295B89216F3C3B00353F85 /* BOBNSlog.m in Sources */,
				CE1799082179818A0004FACB /* JoeyViewController.m in Sources */,
				CE15CF6B2192C0D60082B5F3 /* UIViewController+AdditionalFunc.m in Sources */,
				CEB9357E21464A8F00C36C59 /* PlayTool.m in Sources */,
				2E63E7761FA3186000C37FDE /* SVIndefiniteAnimatedView.m in Sources */,
				2E64514E1FAAB4B100FCCF70 /* SDImageCache.m in Sources */,
				CE745DB8216D8F8800766D9B /* PopView.m in Sources */,
				2EBA62841FA84D3D00B82A23 /* main.m in Sources */,
				2E6451561FAAB4B100FCCF70 /* UIImage+GIF.m in Sources */,
				CEC665AB2153913300838C88 /* TabBarController.m in Sources */,
				CE1798E121785CEC0004FACB /* NSDictionary+JsonConversion.m in Sources */,
				CE1798DE217836300004FACB /* ComponentDeviceInfo.m in Sources */,
				2E6451511FAAB4B100FCCF70 /* SDWebImageDownloader.m in Sources */,
				CE1798E821785DBF0004FACB /* NSString+ObjectConversion.m in Sources */,
				2E63E7791FA3186000C37FDE /* SVProgressHUD.m in Sources */,
			);
			runOnlyForDeploymentPostprocessing = 0;
		};
/* End PBXSourcesBuildPhase section */

/* Begin XCBuildConfiguration section */
		2E63E7591FA306FD00C37FDE /* Debug */ = {
			isa = XCBuildConfiguration;
			buildSettings = {
				ALWAYS_SEARCH_USER_PATHS = NO;
				CLANG_ANALYZER_NONNULL = YES;
				CLANG_ANALYZER_NUMBER_OBJECT_CONVERSION = YES_AGGRESSIVE;
				CLANG_CXX_LANGUAGE_STANDARD = "gnu++14";
				CLANG_CXX_LIBRARY = "libc++";
				CLANG_ENABLE_MODULES = YES;
				CLANG_ENABLE_OBJC_ARC = YES;
				CLANG_WARN_BLOCK_CAPTURE_AUTORELEASING = YES;
				CLANG_WARN_BOOL_CONVERSION = YES;
				CLANG_WARN_COMMA = YES;
				CLANG_WARN_CONSTANT_CONVERSION = YES;
				CLANG_WARN_DEPRECATED_OBJC_IMPLEMENTATIONS = YES;
				CLANG_WARN_DIRECT_OBJC_ISA_USAGE = YES_ERROR;
				CLANG_WARN_DOCUMENTATION_COMMENTS = YES;
				CLANG_WARN_EMPTY_BODY = YES;
				CLANG_WARN_ENUM_CONVERSION = YES;
				CLANG_WARN_INFINITE_RECURSION = YES;
				CLANG_WARN_INT_CONVERSION = YES;
				CLANG_WARN_NON_LITERAL_NULL_CONVERSION = YES;
				CLANG_WARN_OBJC_IMPLICIT_RETAIN_SELF = YES;
				CLANG_WARN_OBJC_LITERAL_CONVERSION = YES;
				CLANG_WARN_OBJC_ROOT_CLASS = YES_ERROR;
				CLANG_WARN_RANGE_LOOP_ANALYSIS = YES;
				CLANG_WARN_STRICT_PROTOTYPES = YES;
				CLANG_WARN_SUSPICIOUS_MOVE = YES;
				CLANG_WARN_UNGUARDED_AVAILABILITY = YES_AGGRESSIVE;
				CLANG_WARN_UNREACHABLE_CODE = YES;
				CLANG_WARN__DUPLICATE_METHOD_MATCH = YES;
				CODE_SIGN_IDENTITY = "iPhone Developer";
				COPY_PHASE_STRIP = NO;
				DEBUG_INFORMATION_FORMAT = dwarf;
				ENABLE_STRICT_OBJC_MSGSEND = YES;
				ENABLE_TESTABILITY = YES;
				GCC_C_LANGUAGE_STANDARD = gnu11;
				GCC_DYNAMIC_NO_PIC = NO;
				GCC_NO_COMMON_BLOCKS = YES;
				GCC_OPTIMIZATION_LEVEL = 0;
				GCC_PREPROCESSOR_DEFINITIONS = (
					"DEBUG=1",
					"$(inherited)",
				);
				GCC_WARN_64_TO_32_BIT_CONVERSION = YES;
				GCC_WARN_ABOUT_RETURN_TYPE = YES_ERROR;
				GCC_WARN_UNDECLARED_SELECTOR = YES;
				GCC_WARN_UNINITIALIZED_AUTOS = YES_AGGRESSIVE;
				GCC_WARN_UNUSED_FUNCTION = YES;
				GCC_WARN_UNUSED_VARIABLE = YES;
				IPHONEOS_DEPLOYMENT_TARGET = 11.0;
				MTL_ENABLE_DEBUG_INFO = YES;
				ONLY_ACTIVE_ARCH = YES;
				SDKROOT = iphoneos;
			};
			name = Debug;
		};
		2E63E75A1FA306FD00C37FDE /* Release */ = {
			isa = XCBuildConfiguration;
			buildSettings = {
				ALWAYS_SEARCH_USER_PATHS = NO;
				CLANG_ANALYZER_NONNULL = YES;
				CLANG_ANALYZER_NUMBER_OBJECT_CONVERSION = YES_AGGRESSIVE;
				CLANG_CXX_LANGUAGE_STANDARD = "gnu++14";
				CLANG_CXX_LIBRARY = "libc++";
				CLANG_ENABLE_MODULES = YES;
				CLANG_ENABLE_OBJC_ARC = YES;
				CLANG_WARN_BLOCK_CAPTURE_AUTORELEASING = YES;
				CLANG_WARN_BOOL_CONVERSION = YES;
				CLANG_WARN_COMMA = YES;
				CLANG_WARN_CONSTANT_CONVERSION = YES;
				CLANG_WARN_DEPRECATED_OBJC_IMPLEMENTATIONS = YES;
				CLANG_WARN_DIRECT_OBJC_ISA_USAGE = YES_ERROR;
				CLANG_WARN_DOCUMENTATION_COMMENTS = YES;
				CLANG_WARN_EMPTY_BODY = YES;
				CLANG_WARN_ENUM_CONVERSION = YES;
				CLANG_WARN_INFINITE_RECURSION = YES;
				CLANG_WARN_INT_CONVERSION = YES;
				CLANG_WARN_NON_LITERAL_NULL_CONVERSION = YES;
				CLANG_WARN_OBJC_IMPLICIT_RETAIN_SELF = YES;
				CLANG_WARN_OBJC_LITERAL_CONVERSION = YES;
				CLANG_WARN_OBJC_ROOT_CLASS = YES_ERROR;
				CLANG_WARN_RANGE_LOOP_ANALYSIS = YES;
				CLANG_WARN_STRICT_PROTOTYPES = YES;
				CLANG_WARN_SUSPICIOUS_MOVE = YES;
				CLANG_WARN_UNGUARDED_AVAILABILITY = YES_AGGRESSIVE;
				CLANG_WARN_UNREACHABLE_CODE = YES;
				CLANG_WARN__DUPLICATE_METHOD_MATCH = YES;
				CODE_SIGN_IDENTITY = "iPhone Developer";
				COPY_PHASE_STRIP = NO;
				DEBUG_INFORMATION_FORMAT = "dwarf-with-dsym";
				ENABLE_NS_ASSERTIONS = NO;
				ENABLE_STRICT_OBJC_MSGSEND = YES;
				GCC_C_LANGUAGE_STANDARD = gnu11;
				GCC_NO_COMMON_BLOCKS = YES;
				GCC_WARN_64_TO_32_BIT_CONVERSION = YES;
				GCC_WARN_ABOUT_RETURN_TYPE = YES_ERROR;
				GCC_WARN_UNDECLARED_SELECTOR = YES;
				GCC_WARN_UNINITIALIZED_AUTOS = YES_AGGRESSIVE;
				GCC_WARN_UNUSED_FUNCTION = YES;
				GCC_WARN_UNUSED_VARIABLE = YES;
				IPHONEOS_DEPLOYMENT_TARGET = 11.0;
				MTL_ENABLE_DEBUG_INFO = NO;
				SDKROOT = iphoneos;
				VALIDATE_PRODUCT = YES;
			};
			name = Release;
		};
		2E63E75C1FA306FD00C37FDE /* Debug */ = {
			isa = XCBuildConfiguration;
			buildSettings = {
				ASSETCATALOG_COMPILER_APPICON_NAME = AppIcon;
				CODE_SIGN_ENTITLEMENTS = "/Users/jiqunying/BOB/BOB/BOB/Supporting Files/BOB.entitlements";
				CODE_SIGN_IDENTITY = "iPhone Developer: Jinping Zhang (293KMBB29W)";
				"CODE_SIGN_IDENTITY[sdk=iphoneos*]" = "iPhone Developer: Jinping Zhang (293KMBB29W)";
				CODE_SIGN_STYLE = Manual;
				DEVELOPMENT_TEAM = QW88LQDTJB;
				GCC_PREFIX_HEADER = "BOB/Supporting Files/BOBPublicHeader.pch";
				INFOPLIST_FILE = "$(SRCROOT)/BOB/Supporting Files/Info.plist";
				IPHONEOS_DEPLOYMENT_TARGET = 8.0;
				LD_RUNPATH_SEARCH_PATHS = "$(inherited) @executable_path/Frameworks";
				LIBRARY_SEARCH_PATHS = (
					"$(inherited)",
					"$(PROJECT_DIR)/BOB/SDK/TD",
					"$(PROJECT_DIR)/BOB/ViewController/CustomView",
				);
				OTHER_LDFLAGS = "-Objc";
				PRODUCT_BUNDLE_IDENTIFIER = com.pingan.koudaiBankPushDebug5;
				PRODUCT_NAME = "$(TARGET_NAME)";
				PROVISIONING_PROFILE = "103562b7-507b-4534-b608-b67b07f1e741";
				PROVISIONING_PROFILE_SPECIFIER = koudaiBankPushDebug5_0716;
				TARGETED_DEVICE_FAMILY = 1;
			};
			name = Debug;
		};
		2E63E75D1FA306FD00C37FDE /* Release */ = {
			isa = XCBuildConfiguration;
			buildSettings = {
				ASSETCATALOG_COMPILER_APPICON_NAME = AppIcon;
				CODE_SIGN_ENTITLEMENTS = "/Users/jiqunying/BOB/BOB/BOB/Supporting Files/BOB.entitlements";
				CODE_SIGN_IDENTITY = "iPhone Developer: Jinping Zhang (293KMBB29W)";
				"CODE_SIGN_IDENTITY[sdk=iphoneos*]" = "iPhone Developer: Jinping Zhang (293KMBB29W)";
				CODE_SIGN_STYLE = Manual;
				DEVELOPMENT_TEAM = QW88LQDTJB;
				GCC_PREFIX_HEADER = "BOB/Supporting Files/BOBPublicHeader.pch";
				INFOPLIST_FILE = "$(SRCROOT)/BOB/Supporting Files/Info.plist";
				IPHONEOS_DEPLOYMENT_TARGET = 8.0;
				LD_RUNPATH_SEARCH_PATHS = "$(inherited) @executable_path/Frameworks";
				LIBRARY_SEARCH_PATHS = (
					"$(inherited)",
					"$(PROJECT_DIR)/BOB/SDK/TD",
					"$(PROJECT_DIR)/BOB/ViewController/CustomView",
				);
				OTHER_LDFLAGS = "-Objc";
				PRODUCT_BUNDLE_IDENTIFIER = com.pingan.koudaiBankPushDebug5;
				PRODUCT_NAME = "$(TARGET_NAME)";
				PROVISIONING_PROFILE = "103562b7-507b-4534-b608-b67b07f1e741";
				PROVISIONING_PROFILE_SPECIFIER = koudaiBankPushDebug5_0716;
				TARGETED_DEVICE_FAMILY = 1;
			};
			name = Release;
		};
/* End XCBuildConfiguration section */

/* Begin XCConfigurationList section */
		2E63E7401FA306FD00C37FDE /* Build configuration list for PBXProject "BOB" */ = {
			isa = XCConfigurationList;
			buildConfigurations = (
				2E63E7591FA306FD00C37FDE /* Debug */,
				2E63E75A1FA306FD00C37FDE /* Release */,
			);
			defaultConfigurationIsVisible = 0;
			defaultConfigurationName = Release;
		};
		2E63E75B1FA306FD00C37FDE /* Build configuration list for PBXNativeTarget "BOB" */ = {
			isa = XCConfigurationList;
			buildConfigurations = (
				2E63E75C1FA306FD00C37FDE /* Debug */,
				2E63E75D1FA306FD00C37FDE /* Release */,
			);
			defaultConfigurationIsVisible = 0;
			defaultConfigurationName = Release;
		};
/* End XCConfigurationList section */
	};
	rootObject = 2E63E73D1FA306FD00C37FDE /* Project object */;
}
